// !$*UTF8*$!
{
	archiveVersion = 1;
	classes = {
	};
	objectVersion = 46;
	objects = {

/* Begin PBXBuildFile section */
		08F53520087E14F9893E08ED /* libPods-ESAYCAM.a in Frameworks */ = {isa = PBXBuildFile; fileRef = C9CE75CB855C1E6541B32D5A /* libPods-ESAYCAM.a */; };
		5B7AF0281CC9D1350081F82B /* Assets.xcassets in Resources */ = {isa = PBXBuildFile; fileRef = 5B7AF0271CC9D1350081F82B /* Assets.xcassets */; };
		5B7AF02B1CC9D1350081F82B /* LaunchScreen.storyboard in Resources */ = {isa = PBXBuildFile; fileRef = 5B7AF0291CC9D1350081F82B /* LaunchScreen.storyboard */; };
		5B7AF0361CC9D1360081F82B /* ESAYCAMTests.m in Sources */ = {isa = PBXBuildFile; fileRef = 5B7AF0351CC9D1360081F82B /* ESAYCAMTests.m */; };
		5B7AF0411CC9D1360081F82B /* ESAYCAMUITests.m in Sources */ = {isa = PBXBuildFile; fileRef = 5B7AF0401CC9D1360081F82B /* ESAYCAMUITests.m */; };
		5B7AF0501CC9D1B40081F82B /* Info.plist in Resources */ = {isa = PBXBuildFile; fileRef = 5B7AF04E1CC9D1B40081F82B /* Info.plist */; };
		5B7AF0511CC9D1B40081F82B /* main.m in Sources */ = {isa = PBXBuildFile; fileRef = 5B7AF04F1CC9D1B40081F82B /* main.m */; };
		5B7AF0701CC9D2EE0081F82B /* AppDelegate.m in Sources */ = {isa = PBXBuildFile; fileRef = 5B7AF06F1CC9D2EE0081F82B /* AppDelegate.m */; };
		5B7AF0731CC9D3110081F82B /* JYHomeController.m in Sources */ = {isa = PBXBuildFile; fileRef = 5B7AF0721CC9D3110081F82B /* JYHomeController.m */; };
		5B7AF0761CC9D5010081F82B /* JYCameraManager.m in Sources */ = {isa = PBXBuildFile; fileRef = 5B7AF0751CC9D5010081F82B /* JYCameraManager.m */; };
		5B7AF0791CC9D5070081F82B /* JYBlueManager.m in Sources */ = {isa = PBXBuildFile; fileRef = 5B7AF0781CC9D5070081F82B /* JYBlueManager.m */; };
		5B7AF08B1CC9D52F0081F82B /* JYSeptManager.m in Sources */ = {isa = PBXBuildFile; fileRef = 5B7AF08A1CC9D52F0081F82B /* JYSeptManager.m */; };
		5B7AF0911CC9D5360081F82B /* JQBounceSpot1Animation.m in Sources */ = {isa = PBXBuildFile; fileRef = 5B7AF08D1CC9D5360081F82B /* JQBounceSpot1Animation.m */; };
		5B7AF0921CC9D5360081F82B /* JQIndicatorView.m in Sources */ = {isa = PBXBuildFile; fileRef = 5B7AF0901CC9D5360081F82B /* JQIndicatorView.m */; };
		5B7AF0951CC9D53C0081F82B /* JYLanguageTool.m in Sources */ = {isa = PBXBuildFile; fileRef = 5B7AF0941CC9D53C0081F82B /* JYLanguageTool.m */; };
		5B7AF0991CC9D5570081F82B /* JYNewFeturnData.plist in Resources */ = {isa = PBXBuildFile; fileRef = 5B7AF0981CC9D5570081F82B /* JYNewFeturnData.plist */; };
		5B7AF0A11CC9D5920081F82B /* JYPeripheral.m in Sources */ = {isa = PBXBuildFile; fileRef = 5B7AF09C1CC9D5920081F82B /* JYPeripheral.m */; };
		5B7AF0A21CC9D5920081F82B /* JYResolutionData.m in Sources */ = {isa = PBXBuildFile; fileRef = 5B7AF09E1CC9D5920081F82B /* JYResolutionData.m */; };
		5B7AF0A31CC9D5920081F82B /* JYSaveVideoData.m in Sources */ = {isa = PBXBuildFile; fileRef = 5B7AF0A01CC9D5920081F82B /* JYSaveVideoData.m */; };
		5B7AF0AC1CC9D5F00081F82B /* JYNSString+Extension.m in Sources */ = {isa = PBXBuildFile; fileRef = 5B7AF0A51CC9D5F00081F82B /* JYNSString+Extension.m */; };
		5B7AF0AE1CC9D5F00081F82B /* UIImage+CKExtension.m in Sources */ = {isa = PBXBuildFile; fileRef = 5B7AF0A91CC9D5F00081F82B /* UIImage+CKExtension.m */; };
		5B7AF0AF1CC9D5F00081F82B /* UIView+Extension.m in Sources */ = {isa = PBXBuildFile; fileRef = 5B7AF0AB1CC9D5F00081F82B /* UIView+Extension.m */; };
		5B7AF0B21CC9F2B70081F82B /* JYNewFetureViewCtl.m in Sources */ = {isa = PBXBuildFile; fileRef = 5B7AF0B11CC9F2B70081F82B /* JYNewFetureViewCtl.m */; };
		5B7AF0B51CC9F2BC0081F82B /* JYItemsData.m in Sources */ = {isa = PBXBuildFile; fileRef = 5B7AF0B41CC9F2BC0081F82B /* JYItemsData.m */; };
		5B7AF0B81CC9F3000081F82B /* JYNavigationController.m in Sources */ = {isa = PBXBuildFile; fileRef = 5B7AF0B71CC9F3000081F82B /* JYNavigationController.m */; };
		5B7AF0BB1CC9F5780081F82B /* JYRulesView.m in Sources */ = {isa = PBXBuildFile; fileRef = 5B7AF0BA1CC9F5780081F82B /* JYRulesView.m */; };
		5B7AF0BE1CCA08160081F82B /* JYVideoView.m in Sources */ = {isa = PBXBuildFile; fileRef = 5B7AF0BD1CCA08160081F82B /* JYVideoView.m */; };
		5B7AF0C11CCA08530081F82B /* JYVideoTimeView.m in Sources */ = {isa = PBXBuildFile; fileRef = 5B7AF0C01CCA08530081F82B /* JYVideoTimeView.m */; };
		5B7AF0C41CCA0B4E0081F82B /* JYShoeInfoView.m in Sources */ = {isa = PBXBuildFile; fileRef = 5B7AF0C31CCA0B4E0081F82B /* JYShoeInfoView.m */; };
		5B7AF0C71CCA0F4C0081F82B /* JYLeftTopView.m in Sources */ = {isa = PBXBuildFile; fileRef = 5B7AF0C61CCA0F4C0081F82B /* JYLeftTopView.m */; };
		5B7AF0CA1CCA16D80081F82B /* DWBubbleMenuButton.m in Sources */ = {isa = PBXBuildFile; fileRef = 5B7AF0C91CCA16D80081F82B /* DWBubbleMenuButton.m */; };
		5B7AF0CE1CCA19440081F82B /* JYSliderImageView.m in Sources */ = {isa = PBXBuildFile; fileRef = 5B7AF0CC1CCA19440081F82B /* JYSliderImageView.m */; };
		5B7AF0CF1CCA19440081F82B /* JYSliderImageView.xib in Resources */ = {isa = PBXBuildFile; fileRef = 5B7AF0CD1CCA19440081F82B /* JYSliderImageView.xib */; };
		5B7AF0D21CCA1A960081F82B /* JYContenView.m in Sources */ = {isa = PBXBuildFile; fileRef = 5B7AF0D11CCA1A960081F82B /* JYContenView.m */; };
		5B7AF0D61CCA1B0C0081F82B /* JYThreeBtnView.m in Sources */ = {isa = PBXBuildFile; fileRef = 5B7AF0D41CCA1B0C0081F82B /* JYThreeBtnView.m */; };
		5B7AF0D71CCA1B0C0081F82B /* JYThreeBtnView.xib in Resources */ = {isa = PBXBuildFile; fileRef = 5B7AF0D51CCA1B0C0081F82B /* JYThreeBtnView.xib */; };
		5B7AF0DA1CCA1B150081F82B /* JYSettingView.m in Sources */ = {isa = PBXBuildFile; fileRef = 5B7AF0D91CCA1B150081F82B /* JYSettingView.m */; };
		5B7AF0DD1CCA1B1C0081F82B /* JYBalanceView.m in Sources */ = {isa = PBXBuildFile; fileRef = 5B7AF0DC1CCA1B1C0081F82B /* JYBalanceView.m */; };
		5B7AF0E01CCA1B230081F82B /* JYExpsureView.m in Sources */ = {isa = PBXBuildFile; fileRef = 5B7AF0DF1CCA1B230081F82B /* JYExpsureView.m */; };
		5B7AF0E31CCA1B340081F82B /* JYResolutionView.m in Sources */ = {isa = PBXBuildFile; fileRef = 5B7AF0E21CCA1B340081F82B /* JYResolutionView.m */; };
		5B7AF0E61CCA1B3B0081F82B /* JYLanguageView.m in Sources */ = {isa = PBXBuildFile; fileRef = 5B7AF0E51CCA1B3B0081F82B /* JYLanguageView.m */; };
		5B7AF0E91CCA1B420081F82B /* JYSupportView.m in Sources */ = {isa = PBXBuildFile; fileRef = 5B7AF0E81CCA1B420081F82B /* JYSupportView.m */; };
		5B7AF0EC1CCA1B4B0081F82B /* JYCameraLensView.m in Sources */ = {isa = PBXBuildFile; fileRef = 5B7AF0EB1CCA1B4B0081F82B /* JYCameraLensView.m */; };
		5B7AF0EF1CCA1B520081F82B /* JYResetVideoView.m in Sources */ = {isa = PBXBuildFile; fileRef = 5B7AF0EE1CCA1B520081F82B /* JYResetVideoView.m */; };
		5B7AF0F21CCA1B660081F82B /* JYDirectionCell.m in Sources */ = {isa = PBXBuildFile; fileRef = 5B7AF0F11CCA1B660081F82B /* JYDirectionCell.m */; };
		5B7AF0F51CCA1B820081F82B /* JYCustomSliderView.m in Sources */ = {isa = PBXBuildFile; fileRef = 5B7AF0F41CCA1B820081F82B /* JYCustomSliderView.m */; };
		5B7AF0F81CCA1BB50081F82B /* JYLabelDirection.m in Sources */ = {isa = PBXBuildFile; fileRef = 5B7AF0F71CCA1BB50081F82B /* JYLabelDirection.m */; };
		5B7AF0FB1CCA1BBD0081F82B /* JYLabelSwitch.m in Sources */ = {isa = PBXBuildFile; fileRef = 5B7AF0FA1CCA1BBD0081F82B /* JYLabelSwitch.m */; };
		5B7AF0FE1CCA1C870081F82B /* JYCoreBlueView.m in Sources */ = {isa = PBXBuildFile; fileRef = 5B7AF0FD1CCA1C870081F82B /* JYCoreBlueView.m */; };
/* End PBXBuildFile section */

/* Begin PBXContainerItemProxy section */
		5B7AF0321CC9D1360081F82B /* PBXContainerItemProxy */ = {
			isa = PBXContainerItemProxy;
			containerPortal = 5B7AF0101CC9D1330081F82B /* Project object */;
			proxyType = 1;
			remoteGlobalIDString = 5B7AF0171CC9D1340081F82B;
			remoteInfo = ESAYCAM;
		};
		5B7AF03D1CC9D1360081F82B /* PBXContainerItemProxy */ = {
			isa = PBXContainerItemProxy;
			containerPortal = 5B7AF0101CC9D1330081F82B /* Project object */;
			proxyType = 1;
			remoteGlobalIDString = 5B7AF0171CC9D1340081F82B;
			remoteInfo = ESAYCAM;
		};
/* End PBXContainerItemProxy section */

/* Begin PBXFileReference section */
		423A7CBCB3806C5CFAE36BD7 /* Pods-ESAYCAM.release.xcconfig */ = {isa = PBXFileReference; includeInIndex = 1; lastKnownFileType = text.xcconfig; name = "Pods-ESAYCAM.release.xcconfig"; path = "Pods/Target Support Files/Pods-ESAYCAM/Pods-ESAYCAM.release.xcconfig"; sourceTree = "<group>"; };
		5B7AF0181CC9D1340081F82B /* ESAYCAM.app */ = {isa = PBXFileReference; explicitFileType = wrapper.application; includeInIndex = 0; path = ESAYCAM.app; sourceTree = BUILT_PRODUCTS_DIR; };
		5B7AF0271CC9D1350081F82B /* Assets.xcassets */ = {isa = PBXFileReference; lastKnownFileType = folder.assetcatalog; path = Assets.xcassets; sourceTree = "<group>"; };
		5B7AF02A1CC9D1350081F82B /* Base */ = {isa = PBXFileReference; lastKnownFileType = file.storyboard; name = Base; path = Base.lproj/LaunchScreen.storyboard; sourceTree = "<group>"; };
		5B7AF0311CC9D1360081F82B /* ESAYCAMTests.xctest */ = {isa = PBXFileReference; explicitFileType = wrapper.cfbundle; includeInIndex = 0; path = ESAYCAMTests.xctest; sourceTree = BUILT_PRODUCTS_DIR; };
		5B7AF0351CC9D1360081F82B /* ESAYCAMTests.m */ = {isa = PBXFileReference; lastKnownFileType = sourcecode.c.objc; path = ESAYCAMTests.m; sourceTree = "<group>"; };
		5B7AF0371CC9D1360081F82B /* Info.plist */ = {isa = PBXFileReference; lastKnownFileType = text.plist.xml; path = Info.plist; sourceTree = "<group>"; };
		5B7AF03C1CC9D1360081F82B /* ESAYCAMUITests.xctest */ = {isa = PBXFileReference; explicitFileType = wrapper.cfbundle; includeInIndex = 0; path = ESAYCAMUITests.xctest; sourceTree = BUILT_PRODUCTS_DIR; };
		5B7AF0401CC9D1360081F82B /* ESAYCAMUITests.m */ = {isa = PBXFileReference; lastKnownFileType = sourcecode.c.objc; path = ESAYCAMUITests.m; sourceTree = "<group>"; };
		5B7AF0421CC9D1360081F82B /* Info.plist */ = {isa = PBXFileReference; lastKnownFileType = text.plist.xml; path = Info.plist; sourceTree = "<group>"; };
		5B7AF04E1CC9D1B40081F82B /* Info.plist */ = {isa = PBXFileReference; fileEncoding = 4; lastKnownFileType = text.plist.xml; name = Info.plist; path = Systems/Info.plist; sourceTree = "<group>"; };
		5B7AF04F1CC9D1B40081F82B /* main.m */ = {isa = PBXFileReference; fileEncoding = 4; lastKnownFileType = sourcecode.c.objc; name = main.m; path = Systems/main.m; sourceTree = "<group>"; };
		5B7AF06E1CC9D2EE0081F82B /* AppDelegate.h */ = {isa = PBXFileReference; fileEncoding = 4; lastKnownFileType = sourcecode.c.h; path = AppDelegate.h; sourceTree = "<group>"; };
		5B7AF06F1CC9D2EE0081F82B /* AppDelegate.m */ = {isa = PBXFileReference; fileEncoding = 4; lastKnownFileType = sourcecode.c.objc; path = AppDelegate.m; sourceTree = "<group>"; };
		5B7AF0711CC9D3110081F82B /* JYHomeController.h */ = {isa = PBXFileReference; fileEncoding = 4; lastKnownFileType = sourcecode.c.h; path = JYHomeController.h; sourceTree = "<group>"; };
		5B7AF0721CC9D3110081F82B /* JYHomeController.m */ = {isa = PBXFileReference; fileEncoding = 4; lastKnownFileType = sourcecode.c.objc; path = JYHomeController.m; sourceTree = "<group>"; };
		5B7AF0741CC9D5010081F82B /* JYCameraManager.h */ = {isa = PBXFileReference; fileEncoding = 4; lastKnownFileType = sourcecode.c.h; path = JYCameraManager.h; sourceTree = "<group>"; };
		5B7AF0751CC9D5010081F82B /* JYCameraManager.m */ = {isa = PBXFileReference; fileEncoding = 4; lastKnownFileType = sourcecode.c.objc; path = JYCameraManager.m; sourceTree = "<group>"; };
		5B7AF0771CC9D5070081F82B /* JYBlueManager.h */ = {isa = PBXFileReference; fileEncoding = 4; lastKnownFileType = sourcecode.c.h; path = JYBlueManager.h; sourceTree = "<group>"; };
		5B7AF0781CC9D5070081F82B /* JYBlueManager.m */ = {isa = PBXFileReference; fileEncoding = 4; lastKnownFileType = sourcecode.c.objc; path = JYBlueManager.m; sourceTree = "<group>"; };
		5B7AF0891CC9D52F0081F82B /* JYSeptManager.h */ = {isa = PBXFileReference; fileEncoding = 4; lastKnownFileType = sourcecode.c.h; path = JYSeptManager.h; sourceTree = "<group>"; };
		5B7AF08A1CC9D52F0081F82B /* JYSeptManager.m */ = {isa = PBXFileReference; fileEncoding = 4; lastKnownFileType = sourcecode.c.objc; path = JYSeptManager.m; sourceTree = "<group>"; };
		5B7AF08C1CC9D5360081F82B /* JQBounceSpot1Animation.h */ = {isa = PBXFileReference; fileEncoding = 4; lastKnownFileType = sourcecode.c.h; path = JQBounceSpot1Animation.h; sourceTree = "<group>"; };
		5B7AF08D1CC9D5360081F82B /* JQBounceSpot1Animation.m */ = {isa = PBXFileReference; fileEncoding = 4; lastKnownFileType = sourcecode.c.objc; path = JQBounceSpot1Animation.m; sourceTree = "<group>"; };
		5B7AF08E1CC9D5360081F82B /* JQIndicatorAnimationProtocol.h */ = {isa = PBXFileReference; fileEncoding = 4; lastKnownFileType = sourcecode.c.h; path = JQIndicatorAnimationProtocol.h; sourceTree = "<group>"; };
		5B7AF08F1CC9D5360081F82B /* JQIndicatorView.h */ = {isa = PBXFileReference; fileEncoding = 4; lastKnownFileType = sourcecode.c.h; path = JQIndicatorView.h; sourceTree = "<group>"; };
		5B7AF0901CC9D5360081F82B /* JQIndicatorView.m */ = {isa = PBXFileReference; fileEncoding = 4; lastKnownFileType = sourcecode.c.objc; path = JQIndicatorView.m; sourceTree = "<group>"; };
		5B7AF0931CC9D53C0081F82B /* JYLanguageTool.h */ = {isa = PBXFileReference; fileEncoding = 4; lastKnownFileType = sourcecode.c.h; path = JYLanguageTool.h; sourceTree = "<group>"; };
		5B7AF0941CC9D53C0081F82B /* JYLanguageTool.m */ = {isa = PBXFileReference; fileEncoding = 4; lastKnownFileType = sourcecode.c.objc; path = JYLanguageTool.m; sourceTree = "<group>"; };
		5B7AF0961CC9D5460081F82B /* JYDefine.h */ = {isa = PBXFileReference; fileEncoding = 4; lastKnownFileType = sourcecode.c.h; path = JYDefine.h; sourceTree = "<group>"; };
		5B7AF0971CC9D5460081F82B /* JYMainHead.h */ = {isa = PBXFileReference; fileEncoding = 4; lastKnownFileType = sourcecode.c.h; path = JYMainHead.h; sourceTree = "<group>"; };
		5B7AF0981CC9D5570081F82B /* JYNewFeturnData.plist */ = {isa = PBXFileReference; fileEncoding = 4; lastKnownFileType = text.plist.xml; path = JYNewFeturnData.plist; sourceTree = "<group>"; };
		5B7AF09A1CC9D5710081F82B /* PrefixHeader.pch */ = {isa = PBXFileReference; lastKnownFileType = sourcecode.c.h; path = PrefixHeader.pch; sourceTree = "<group>"; };
		5B7AF09B1CC9D5920081F82B /* JYPeripheral.h */ = {isa = PBXFileReference; fileEncoding = 4; lastKnownFileType = sourcecode.c.h; path = JYPeripheral.h; sourceTree = "<group>"; };
		5B7AF09C1CC9D5920081F82B /* JYPeripheral.m */ = {isa = PBXFileReference; fileEncoding = 4; lastKnownFileType = sourcecode.c.objc; path = JYPeripheral.m; sourceTree = "<group>"; };
		5B7AF09D1CC9D5920081F82B /* JYResolutionData.h */ = {isa = PBXFileReference; fileEncoding = 4; lastKnownFileType = sourcecode.c.h; path = JYResolutionData.h; sourceTree = "<group>"; };
		5B7AF09E1CC9D5920081F82B /* JYResolutionData.m */ = {isa = PBXFileReference; fileEncoding = 4; lastKnownFileType = sourcecode.c.objc; path = JYResolutionData.m; sourceTree = "<group>"; };
		5B7AF09F1CC9D5920081F82B /* JYSaveVideoData.h */ = {isa = PBXFileReference; fileEncoding = 4; lastKnownFileType = sourcecode.c.h; path = JYSaveVideoData.h; sourceTree = "<group>"; };
		5B7AF0A01CC9D5920081F82B /* JYSaveVideoData.m */ = {isa = PBXFileReference; fileEncoding = 4; lastKnownFileType = sourcecode.c.objc; path = JYSaveVideoData.m; sourceTree = "<group>"; };
		5B7AF0A41CC9D5F00081F82B /* JYNSString+Extension.h */ = {isa = PBXFileReference; fileEncoding = 4; lastKnownFileType = sourcecode.c.h; path = "JYNSString+Extension.h"; sourceTree = "<group>"; };
		5B7AF0A51CC9D5F00081F82B /* JYNSString+Extension.m */ = {isa = PBXFileReference; fileEncoding = 4; lastKnownFileType = sourcecode.c.objc; path = "JYNSString+Extension.m"; sourceTree = "<group>"; };
		5B7AF0A81CC9D5F00081F82B /* UIImage+CKExtension.h */ = {isa = PBXFileReference; fileEncoding = 4; lastKnownFileType = sourcecode.c.h; path = "UIImage+CKExtension.h"; sourceTree = "<group>"; };
		5B7AF0A91CC9D5F00081F82B /* UIImage+CKExtension.m */ = {isa = PBXFileReference; fileEncoding = 4; lastKnownFileType = sourcecode.c.objc; path = "UIImage+CKExtension.m"; sourceTree = "<group>"; };
		5B7AF0AA1CC9D5F00081F82B /* UIView+Extension.h */ = {isa = PBXFileReference; fileEncoding = 4; lastKnownFileType = sourcecode.c.h; path = "UIView+Extension.h"; sourceTree = "<group>"; };
		5B7AF0AB1CC9D5F00081F82B /* UIView+Extension.m */ = {isa = PBXFileReference; fileEncoding = 4; lastKnownFileType = sourcecode.c.objc; path = "UIView+Extension.m"; sourceTree = "<group>"; };
		5B7AF0B01CC9F2B70081F82B /* JYNewFetureViewCtl.h */ = {isa = PBXFileReference; fileEncoding = 4; lastKnownFileType = sourcecode.c.h; path = JYNewFetureViewCtl.h; sourceTree = "<group>"; };
		5B7AF0B11CC9F2B70081F82B /* JYNewFetureViewCtl.m */ = {isa = PBXFileReference; fileEncoding = 4; lastKnownFileType = sourcecode.c.objc; path = JYNewFetureViewCtl.m; sourceTree = "<group>"; };
		5B7AF0B31CC9F2BC0081F82B /* JYItemsData.h */ = {isa = PBXFileReference; fileEncoding = 4; lastKnownFileType = sourcecode.c.h; path = JYItemsData.h; sourceTree = "<group>"; };
		5B7AF0B41CC9F2BC0081F82B /* JYItemsData.m */ = {isa = PBXFileReference; fileEncoding = 4; lastKnownFileType = sourcecode.c.objc; path = JYItemsData.m; sourceTree = "<group>"; };
		5B7AF0B61CC9F3000081F82B /* JYNavigationController.h */ = {isa = PBXFileReference; fileEncoding = 4; lastKnownFileType = sourcecode.c.h; path = JYNavigationController.h; sourceTree = "<group>"; };
		5B7AF0B71CC9F3000081F82B /* JYNavigationController.m */ = {isa = PBXFileReference; fileEncoding = 4; lastKnownFileType = sourcecode.c.objc; path = JYNavigationController.m; sourceTree = "<group>"; };
		5B7AF0B91CC9F5780081F82B /* JYRulesView.h */ = {isa = PBXFileReference; fileEncoding = 4; lastKnownFileType = sourcecode.c.h; path = JYRulesView.h; sourceTree = "<group>"; };
		5B7AF0BA1CC9F5780081F82B /* JYRulesView.m */ = {isa = PBXFileReference; fileEncoding = 4; lastKnownFileType = sourcecode.c.objc; path = JYRulesView.m; sourceTree = "<group>"; };
		5B7AF0BC1CCA08160081F82B /* JYVideoView.h */ = {isa = PBXFileReference; fileEncoding = 4; lastKnownFileType = sourcecode.c.h; path = JYVideoView.h; sourceTree = "<group>"; };
		5B7AF0BD1CCA08160081F82B /* JYVideoView.m */ = {isa = PBXFileReference; fileEncoding = 4; lastKnownFileType = sourcecode.c.objc; path = JYVideoView.m; sourceTree = "<group>"; };
		5B7AF0BF1CCA08530081F82B /* JYVideoTimeView.h */ = {isa = PBXFileReference; fileEncoding = 4; lastKnownFileType = sourcecode.c.h; path = JYVideoTimeView.h; sourceTree = "<group>"; };
		5B7AF0C01CCA08530081F82B /* JYVideoTimeView.m */ = {isa = PBXFileReference; fileEncoding = 4; lastKnownFileType = sourcecode.c.objc; path = JYVideoTimeView.m; sourceTree = "<group>"; };
		5B7AF0C21CCA0B4E0081F82B /* JYShowInfoView.h */ = {isa = PBXFileReference; fileEncoding = 4; lastKnownFileType = sourcecode.c.h; path = JYShowInfoView.h; sourceTree = "<group>"; };
		5B7AF0C31CCA0B4E0081F82B /* JYShoeInfoView.m */ = {isa = PBXFileReference; fileEncoding = 4; lastKnownFileType = sourcecode.c.objc; path = JYShoeInfoView.m; sourceTree = "<group>"; };
		5B7AF0C51CCA0F4C0081F82B /* JYLeftTopView.h */ = {isa = PBXFileReference; fileEncoding = 4; lastKnownFileType = sourcecode.c.h; path = JYLeftTopView.h; sourceTree = "<group>"; };
		5B7AF0C61CCA0F4C0081F82B /* JYLeftTopView.m */ = {isa = PBXFileReference; fileEncoding = 4; lastKnownFileType = sourcecode.c.objc; path = JYLeftTopView.m; sourceTree = "<group>"; };
		5B7AF0C81CCA16D80081F82B /* DWBubbleMenuButton.h */ = {isa = PBXFileReference; fileEncoding = 4; lastKnownFileType = sourcecode.c.h; path = DWBubbleMenuButton.h; sourceTree = "<group>"; };
		5B7AF0C91CCA16D80081F82B /* DWBubbleMenuButton.m */ = {isa = PBXFileReference; fileEncoding = 4; lastKnownFileType = sourcecode.c.objc; path = DWBubbleMenuButton.m; sourceTree = "<group>"; };
		5B7AF0CB1CCA19440081F82B /* JYSliderImageView.h */ = {isa = PBXFileReference; fileEncoding = 4; lastKnownFileType = sourcecode.c.h; path = JYSliderImageView.h; sourceTree = "<group>"; };
		5B7AF0CC1CCA19440081F82B /* JYSliderImageView.m */ = {isa = PBXFileReference; fileEncoding = 4; lastKnownFileType = sourcecode.c.objc; path = JYSliderImageView.m; sourceTree = "<group>"; };
		5B7AF0CD1CCA19440081F82B /* JYSliderImageView.xib */ = {isa = PBXFileReference; fileEncoding = 4; lastKnownFileType = file.xib; path = JYSliderImageView.xib; sourceTree = "<group>"; };
		5B7AF0D01CCA1A960081F82B /* JYContenView.h */ = {isa = PBXFileReference; fileEncoding = 4; lastKnownFileType = sourcecode.c.h; path = JYContenView.h; sourceTree = "<group>"; };
		5B7AF0D11CCA1A960081F82B /* JYContenView.m */ = {isa = PBXFileReference; fileEncoding = 4; lastKnownFileType = sourcecode.c.objc; path = JYContenView.m; sourceTree = "<group>"; };
		5B7AF0D31CCA1B0C0081F82B /* JYThreeBtnView.h */ = {isa = PBXFileReference; fileEncoding = 4; lastKnownFileType = sourcecode.c.h; path = JYThreeBtnView.h; sourceTree = "<group>"; };
		5B7AF0D41CCA1B0C0081F82B /* JYThreeBtnView.m */ = {isa = PBXFileReference; fileEncoding = 4; lastKnownFileType = sourcecode.c.objc; path = JYThreeBtnView.m; sourceTree = "<group>"; };
		5B7AF0D51CCA1B0C0081F82B /* JYThreeBtnView.xib */ = {isa = PBXFileReference; fileEncoding = 4; lastKnownFileType = file.xib; path = JYThreeBtnView.xib; sourceTree = "<group>"; };
		5B7AF0D81CCA1B150081F82B /* JYSettingView.h */ = {isa = PBXFileReference; fileEncoding = 4; lastKnownFileType = sourcecode.c.h; path = JYSettingView.h; sourceTree = "<group>"; };
		5B7AF0D91CCA1B150081F82B /* JYSettingView.m */ = {isa = PBXFileReference; fileEncoding = 4; lastKnownFileType = sourcecode.c.objc; path = JYSettingView.m; sourceTree = "<group>"; };
		5B7AF0DB1CCA1B1C0081F82B /* JYBalanceView.h */ = {isa = PBXFileReference; fileEncoding = 4; lastKnownFileType = sourcecode.c.h; path = JYBalanceView.h; sourceTree = "<group>"; };
		5B7AF0DC1CCA1B1C0081F82B /* JYBalanceView.m */ = {isa = PBXFileReference; fileEncoding = 4; lastKnownFileType = sourcecode.c.objc; path = JYBalanceView.m; sourceTree = "<group>"; };
		5B7AF0DE1CCA1B230081F82B /* JYExpsureView.h */ = {isa = PBXFileReference; fileEncoding = 4; lastKnownFileType = sourcecode.c.h; path = JYExpsureView.h; sourceTree = "<group>"; };
		5B7AF0DF1CCA1B230081F82B /* JYExpsureView.m */ = {isa = PBXFileReference; fileEncoding = 4; lastKnownFileType = sourcecode.c.objc; path = JYExpsureView.m; sourceTree = "<group>"; };
		5B7AF0E11CCA1B340081F82B /* JYResolutionView.h */ = {isa = PBXFileReference; fileEncoding = 4; lastKnownFileType = sourcecode.c.h; path = JYResolutionView.h; sourceTree = "<group>"; };
		5B7AF0E21CCA1B340081F82B /* JYResolutionView.m */ = {isa = PBXFileReference; fileEncoding = 4; lastKnownFileType = sourcecode.c.objc; path = JYResolutionView.m; sourceTree = "<group>"; };
		5B7AF0E41CCA1B3B0081F82B /* JYLanguageView.h */ = {isa = PBXFileReference; fileEncoding = 4; lastKnownFileType = sourcecode.c.h; path = JYLanguageView.h; sourceTree = "<group>"; };
		5B7AF0E51CCA1B3B0081F82B /* JYLanguageView.m */ = {isa = PBXFileReference; fileEncoding = 4; lastKnownFileType = sourcecode.c.objc; path = JYLanguageView.m; sourceTree = "<group>"; };
		5B7AF0E71CCA1B420081F82B /* JYSupportView.h */ = {isa = PBXFileReference; fileEncoding = 4; lastKnownFileType = sourcecode.c.h; path = JYSupportView.h; sourceTree = "<group>"; };
		5B7AF0E81CCA1B420081F82B /* JYSupportView.m */ = {isa = PBXFileReference; fileEncoding = 4; lastKnownFileType = sourcecode.c.objc; path = JYSupportView.m; sourceTree = "<group>"; };
		5B7AF0EA1CCA1B4B0081F82B /* JYCameraLensView.h */ = {isa = PBXFileReference; fileEncoding = 4; lastKnownFileType = sourcecode.c.h; path = JYCameraLensView.h; sourceTree = "<group>"; };
		5B7AF0EB1CCA1B4B0081F82B /* JYCameraLensView.m */ = {isa = PBXFileReference; fileEncoding = 4; lastKnownFileType = sourcecode.c.objc; path = JYCameraLensView.m; sourceTree = "<group>"; };
		5B7AF0ED1CCA1B520081F82B /* JYResetVideoView.h */ = {isa = PBXFileReference; fileEncoding = 4; lastKnownFileType = sourcecode.c.h; path = JYResetVideoView.h; sourceTree = "<group>"; };
		5B7AF0EE1CCA1B520081F82B /* JYResetVideoView.m */ = {isa = PBXFileReference; fileEncoding = 4; lastKnownFileType = sourcecode.c.objc; path = JYResetVideoView.m; sourceTree = "<group>"; };
		5B7AF0F01CCA1B660081F82B /* JYDirectionCell.h */ = {isa = PBXFileReference; fileEncoding = 4; lastKnownFileType = sourcecode.c.h; path = JYDirectionCell.h; sourceTree = "<group>"; };
		5B7AF0F11CCA1B660081F82B /* JYDirectionCell.m */ = {isa = PBXFileReference; fileEncoding = 4; lastKnownFileType = sourcecode.c.objc; path = JYDirectionCell.m; sourceTree = "<group>"; };
		5B7AF0F31CCA1B820081F82B /* JYCustomSliderView.h */ = {isa = PBXFileReference; fileEncoding = 4; lastKnownFileType = sourcecode.c.h; path = JYCustomSliderView.h; sourceTree = "<group>"; };
		5B7AF0F41CCA1B820081F82B /* JYCustomSliderView.m */ = {isa = PBXFileReference; fileEncoding = 4; lastKnownFileType = sourcecode.c.objc; path = JYCustomSliderView.m; sourceTree = "<group>"; };
		5B7AF0F61CCA1BB50081F82B /* JYLabelDirection.h */ = {isa = PBXFileReference; fileEncoding = 4; lastKnownFileType = sourcecode.c.h; path = JYLabelDirection.h; sourceTree = "<group>"; };
		5B7AF0F71CCA1BB50081F82B /* JYLabelDirection.m */ = {isa = PBXFileReference; fileEncoding = 4; lastKnownFileType = sourcecode.c.objc; path = JYLabelDirection.m; sourceTree = "<group>"; };
		5B7AF0F91CCA1BBD0081F82B /* JYLabelSwitch.h */ = {isa = PBXFileReference; fileEncoding = 4; lastKnownFileType = sourcecode.c.h; path = JYLabelSwitch.h; sourceTree = "<group>"; };
		5B7AF0FA1CCA1BBD0081F82B /* JYLabelSwitch.m */ = {isa = PBXFileReference; fileEncoding = 4; lastKnownFileType = sourcecode.c.objc; path = JYLabelSwitch.m; sourceTree = "<group>"; };
		5B7AF0FC1CCA1C870081F82B /* JYCoreBlueView.h */ = {isa = PBXFileReference; fileEncoding = 4; lastKnownFileType = sourcecode.c.h; path = JYCoreBlueView.h; sourceTree = "<group>"; };
		5B7AF0FD1CCA1C870081F82B /* JYCoreBlueView.m */ = {isa = PBXFileReference; fileEncoding = 4; lastKnownFileType = sourcecode.c.objc; path = JYCoreBlueView.m; sourceTree = "<group>"; };
		73CC82AF7BEB308A0F1E1F3D /* Pods-ESAYCAM.debug.xcconfig */ = {isa = PBXFileReference; includeInIndex = 1; lastKnownFileType = text.xcconfig; name = "Pods-ESAYCAM.debug.xcconfig"; path = "Pods/Target Support Files/Pods-ESAYCAM/Pods-ESAYCAM.debug.xcconfig"; sourceTree = "<group>"; };
		C9CE75CB855C1E6541B32D5A /* libPods-ESAYCAM.a */ = {isa = PBXFileReference; explicitFileType = archive.ar; includeInIndex = 0; path = "libPods-ESAYCAM.a"; sourceTree = BUILT_PRODUCTS_DIR; };
/* End PBXFileReference section */

/* Begin PBXFrameworksBuildPhase section */
		5B7AF0151CC9D1340081F82B /* Frameworks */ = {
			isa = PBXFrameworksBuildPhase;
			buildActionMask = 2147483647;
			files = (
				08F53520087E14F9893E08ED /* libPods-ESAYCAM.a in Frameworks */,
			);
			runOnlyForDeploymentPostprocessing = 0;
		};
		5B7AF02E1CC9D1360081F82B /* Frameworks */ = {
			isa = PBXFrameworksBuildPhase;
			buildActionMask = 2147483647;
			files = (
			);
			runOnlyForDeploymentPostprocessing = 0;
		};
		5B7AF0391CC9D1360081F82B /* Frameworks */ = {
			isa = PBXFrameworksBuildPhase;
			buildActionMask = 2147483647;
			files = (
			);
			runOnlyForDeploymentPostprocessing = 0;
		};
/* End PBXFrameworksBuildPhase section */

/* Begin PBXGroup section */
		35AE97AE4C864D23E304A0B7 /* Frameworks */ = {
			isa = PBXGroup;
			children = (
				C9CE75CB855C1E6541B32D5A /* libPods-ESAYCAM.a */,
			);
			name = Frameworks;
			sourceTree = "<group>";
		};
		525BBAC8375EE3A10F7A8ECD /* Pods */ = {
			isa = PBXGroup;
			children = (
				73CC82AF7BEB308A0F1E1F3D /* Pods-ESAYCAM.debug.xcconfig */,
				423A7CBCB3806C5CFAE36BD7 /* Pods-ESAYCAM.release.xcconfig */,
			);
			name = Pods;
			sourceTree = "<group>";
		};
		5B7AF00F1CC9D1330081F82B = {
			isa = PBXGroup;
			children = (
				5B7AF01A1CC9D1340081F82B /* ESAYCAM */,
				5B7AF0341CC9D1360081F82B /* ESAYCAMTests */,
				5B7AF03F1CC9D1360081F82B /* ESAYCAMUITests */,
				5B7AF0191CC9D1340081F82B /* Products */,
				525BBAC8375EE3A10F7A8ECD /* Pods */,
				35AE97AE4C864D23E304A0B7 /* Frameworks */,
			);
			sourceTree = "<group>";
		};
		5B7AF0191CC9D1340081F82B /* Products */ = {
			isa = PBXGroup;
			children = (
				5B7AF0181CC9D1340081F82B /* ESAYCAM.app */,
				5B7AF0311CC9D1360081F82B /* ESAYCAMTests.xctest */,
				5B7AF03C1CC9D1360081F82B /* ESAYCAMUITests.xctest */,
			);
			name = Products;
			sourceTree = "<group>";
		};
		5B7AF01A1CC9D1340081F82B /* ESAYCAM */ = {
			isa = PBXGroup;
			children = (
				5B7AF0521CC9D2BC0081F82B /* Main */,
				5B7AF0551CC9D2C30081F82B /* Classes */,
				5B7AF0621CC9D2CC0081F82B /* Others */,
				5B7AF01B1CC9D1340081F82B /* Supporting Files */,
			);
			path = ESAYCAM;
			sourceTree = "<group>";
		};
		5B7AF01B1CC9D1340081F82B /* Supporting Files */ = {
			isa = PBXGroup;
			children = (
				5B7AF09A1CC9D5710081F82B /* PrefixHeader.pch */,
				5B7AF0981CC9D5570081F82B /* JYNewFeturnData.plist */,
				5B7AF0271CC9D1350081F82B /* Assets.xcassets */,
				5B7AF0291CC9D1350081F82B /* LaunchScreen.storyboard */,
				5B7AF04E1CC9D1B40081F82B /* Info.plist */,
				5B7AF04F1CC9D1B40081F82B /* main.m */,
			);
			name = "Supporting Files";
			sourceTree = "<group>";
		};
		5B7AF0341CC9D1360081F82B /* ESAYCAMTests */ = {
			isa = PBXGroup;
			children = (
				5B7AF0351CC9D1360081F82B /* ESAYCAMTests.m */,
				5B7AF0371CC9D1360081F82B /* Info.plist */,
			);
			path = ESAYCAMTests;
			sourceTree = "<group>";
		};
		5B7AF03F1CC9D1360081F82B /* ESAYCAMUITests */ = {
			isa = PBXGroup;
			children = (
				5B7AF0401CC9D1360081F82B /* ESAYCAMUITests.m */,
				5B7AF0421CC9D1360081F82B /* Info.plist */,
			);
			path = ESAYCAMUITests;
			sourceTree = "<group>";
		};
		5B7AF0521CC9D2BC0081F82B /* Main */ = {
			isa = PBXGroup;
			children = (
				5B7AF0531CC9D2BC0081F82B /* Camera */,
				5B7AF0541CC9D2BC0081F82B /* CoreBlue */,
			);
			path = Main;
			sourceTree = "<group>";
		};
		5B7AF0531CC9D2BC0081F82B /* Camera */ = {
			isa = PBXGroup;
			children = (
				5B7AF0741CC9D5010081F82B /* JYCameraManager.h */,
				5B7AF0751CC9D5010081F82B /* JYCameraManager.m */,
			);
			path = Camera;
			sourceTree = "<group>";
		};
		5B7AF0541CC9D2BC0081F82B /* CoreBlue */ = {
			isa = PBXGroup;
			children = (
				5B7AF0771CC9D5070081F82B /* JYBlueManager.h */,
				5B7AF0781CC9D5070081F82B /* JYBlueManager.m */,
			);
			path = CoreBlue;
			sourceTree = "<group>";
		};
		5B7AF0551CC9D2C30081F82B /* Classes */ = {
			isa = PBXGroup;
			children = (
				5B7AF0561CC9D2C30081F82B /* Home */,
				5B7AF05A1CC9D2C30081F82B /* NewFesture */,
				5B7AF05E1CC9D2C30081F82B /* WebView */,
			);
			path = Classes;
			sourceTree = "<group>";
		};
		5B7AF0561CC9D2C30081F82B /* Home */ = {
			isa = PBXGroup;
			children = (
				5B7AF0571CC9D2C30081F82B /* Controller */,
				5B7AF0581CC9D2C30081F82B /* Model */,
				5B7AF0591CC9D2C30081F82B /* View */,
			);
			path = Home;
			sourceTree = "<group>";
		};
		5B7AF0571CC9D2C30081F82B /* Controller */ = {
			isa = PBXGroup;
			children = (
				5B7AF0711CC9D3110081F82B /* JYHomeController.h */,
				5B7AF0721CC9D3110081F82B /* JYHomeController.m */,
			);
			path = Controller;
			sourceTree = "<group>";
		};
		5B7AF0581CC9D2C30081F82B /* Model */ = {
			isa = PBXGroup;
			children = (
				5B7AF09B1CC9D5920081F82B /* JYPeripheral.h */,
				5B7AF09C1CC9D5920081F82B /* JYPeripheral.m */,
				5B7AF09D1CC9D5920081F82B /* JYResolutionData.h */,
				5B7AF09E1CC9D5920081F82B /* JYResolutionData.m */,
				5B7AF09F1CC9D5920081F82B /* JYSaveVideoData.h */,
				5B7AF0A01CC9D5920081F82B /* JYSaveVideoData.m */,
			);
			path = Model;
			sourceTree = "<group>";
		};
		5B7AF0591CC9D2C30081F82B /* View */ = {
			isa = PBXGroup;
			children = (
				5B7AF0D01CCA1A960081F82B /* JYContenView.h */,
				5B7AF0D11CCA1A960081F82B /* JYContenView.m */,
				5B7AF0D81CCA1B150081F82B /* JYSettingView.h */,
				5B7AF0D91CCA1B150081F82B /* JYSettingView.m */,
				5B7AF0DB1CCA1B1C0081F82B /* JYBalanceView.h */,
				5B7AF0DC1CCA1B1C0081F82B /* JYBalanceView.m */,
				5B7AF0DE1CCA1B230081F82B /* JYExpsureView.h */,
				5B7AF0DF1CCA1B230081F82B /* JYExpsureView.m */,
				5B7AF0E11CCA1B340081F82B /* JYResolutionView.h */,
				5B7AF0E21CCA1B340081F82B /* JYResolutionView.m */,
				5B7AF0E41CCA1B3B0081F82B /* JYLanguageView.h */,
				5B7AF0E51CCA1B3B0081F82B /* JYLanguageView.m */,
				5B7AF0E71CCA1B420081F82B /* JYSupportView.h */,
				5B7AF0E81CCA1B420081F82B /* JYSupportView.m */,
				5B7AF0EA1CCA1B4B0081F82B /* JYCameraLensView.h */,
				5B7AF0EB1CCA1B4B0081F82B /* JYCameraLensView.m */,
				5B7AF0ED1CCA1B520081F82B /* JYResetVideoView.h */,
				5B7AF0EE1CCA1B520081F82B /* JYResetVideoView.m */,
				5B7AF0FC1CCA1C870081F82B /* JYCoreBlueView.h */,
				5B7AF0FD1CCA1C870081F82B /* JYCoreBlueView.m */,
				5B7AF0B91CC9F5780081F82B /* JYRulesView.h */,
				5B7AF0BA1CC9F5780081F82B /* JYRulesView.m */,
				5B7AF0BC1CCA08160081F82B /* JYVideoView.h */,
				5B7AF0BD1CCA08160081F82B /* JYVideoView.m */,
				5B7AF0BF1CCA08530081F82B /* JYVideoTimeView.h */,
				5B7AF0C01CCA08530081F82B /* JYVideoTimeView.m */,
				5B7AF0C21CCA0B4E0081F82B /* JYShowInfoView.h */,
				5B7AF0C31CCA0B4E0081F82B /* JYShoeInfoView.m */,
				5B7AF0C51CCA0F4C0081F82B /* JYLeftTopView.h */,
				5B7AF0C61CCA0F4C0081F82B /* JYLeftTopView.m */,
				5B7AF0C81CCA16D80081F82B /* DWBubbleMenuButton.h */,
				5B7AF0C91CCA16D80081F82B /* DWBubbleMenuButton.m */,
				5B7AF0CB1CCA19440081F82B /* JYSliderImageView.h */,
				5B7AF0CC1CCA19440081F82B /* JYSliderImageView.m */,
				5B7AF0CD1CCA19440081F82B /* JYSliderImageView.xib */,
				5B7AF0D31CCA1B0C0081F82B /* JYThreeBtnView.h */,
				5B7AF0D41CCA1B0C0081F82B /* JYThreeBtnView.m */,
				5B7AF0D51CCA1B0C0081F82B /* JYThreeBtnView.xib */,
				5B7AF0F01CCA1B660081F82B /* JYDirectionCell.h */,
				5B7AF0F11CCA1B660081F82B /* JYDirectionCell.m */,
				5B7AF0F31CCA1B820081F82B /* JYCustomSliderView.h */,
				5B7AF0F41CCA1B820081F82B /* JYCustomSliderView.m */,
				5B7AF0F61CCA1BB50081F82B /* JYLabelDirection.h */,
				5B7AF0F71CCA1BB50081F82B /* JYLabelDirection.m */,
				5B7AF0F91CCA1BBD0081F82B /* JYLabelSwitch.h */,
				5B7AF0FA1CCA1BBD0081F82B /* JYLabelSwitch.m */,
			);
			path = View;
			sourceTree = "<group>";
		};
		5B7AF05A1CC9D2C30081F82B /* NewFesture */ = {
			isa = PBXGroup;
			children = (
				5B7AF05B1CC9D2C30081F82B /* Controller */,
				5B7AF05C1CC9D2C30081F82B /* Model */,
				5B7AF05D1CC9D2C30081F82B /* View */,
			);
			path = NewFesture;
			sourceTree = "<group>";
		};
		5B7AF05B1CC9D2C30081F82B /* Controller */ = {
			isa = PBXGroup;
			children = (
				5B7AF0B01CC9F2B70081F82B /* JYNewFetureViewCtl.h */,
				5B7AF0B11CC9F2B70081F82B /* JYNewFetureViewCtl.m */,
			);
			path = Controller;
			sourceTree = "<group>";
		};
		5B7AF05C1CC9D2C30081F82B /* Model */ = {
			isa = PBXGroup;
			children = (
				5B7AF0B31CC9F2BC0081F82B /* JYItemsData.h */,
				5B7AF0B41CC9F2BC0081F82B /* JYItemsData.m */,
			);
			path = Model;
			sourceTree = "<group>";
		};
		5B7AF05D1CC9D2C30081F82B /* View */ = {
			isa = PBXGroup;
			children = (
			);
			path = View;
			sourceTree = "<group>";
		};
		5B7AF05E1CC9D2C30081F82B /* WebView */ = {
			isa = PBXGroup;
			children = (
				5B7AF05F1CC9D2C30081F82B /* Controller */,
				5B7AF0601CC9D2C30081F82B /* Model */,
				5B7AF0611CC9D2C30081F82B /* View */,
			);
			path = WebView;
			sourceTree = "<group>";
		};
		5B7AF05F1CC9D2C30081F82B /* Controller */ = {
			isa = PBXGroup;
			children = (
			);
			path = Controller;
			sourceTree = "<group>";
		};
		5B7AF0601CC9D2C30081F82B /* Model */ = {
			isa = PBXGroup;
			children = (
			);
			path = Model;
			sourceTree = "<group>";
		};
		5B7AF0611CC9D2C30081F82B /* View */ = {
			isa = PBXGroup;
			children = (
			);
			path = View;
			sourceTree = "<group>";
		};
		5B7AF0621CC9D2CC0081F82B /* Others */ = {
			isa = PBXGroup;
			children = (
				5B7AF0691CC9D2CC0081F82B /* Head */,
				5B7AF0661CC9D2CC0081F82B /* Base */,
				5B7AF0671CC9D2CC0081F82B /* Category */,
				5B7AF0681CC9D2CC0081F82B /* Data */,
				5B7AF06A1CC9D2CC0081F82B /* Indiator */,
				5B7AF06B1CC9D2CC0081F82B /* Language */,
				5B7AF06D1CC9D2EE0081F82B /* AppDelegate */,
			);
			path = Others;
			sourceTree = "<group>";
		};
		5B7AF0661CC9D2CC0081F82B /* Base */ = {
			isa = PBXGroup;
			children = (
				5B7AF0B61CC9F3000081F82B /* JYNavigationController.h */,
				5B7AF0B71CC9F3000081F82B /* JYNavigationController.m */,
			);
			path = Base;
			sourceTree = "<group>";
		};
		5B7AF0671CC9D2CC0081F82B /* Category */ = {
			isa = PBXGroup;
			children = (
				5B7AF0A41CC9D5F00081F82B /* JYNSString+Extension.h */,
				5B7AF0A51CC9D5F00081F82B /* JYNSString+Extension.m */,
				5B7AF0A81CC9D5F00081F82B /* UIImage+CKExtension.h */,
				5B7AF0A91CC9D5F00081F82B /* UIImage+CKExtension.m */,
				5B7AF0AA1CC9D5F00081F82B /* UIView+Extension.h */,
				5B7AF0AB1CC9D5F00081F82B /* UIView+Extension.m */,
			);
			path = Category;
			sourceTree = "<group>";
		};
		5B7AF0681CC9D2CC0081F82B /* Data */ = {
			isa = PBXGroup;
			children = (
				5B7AF0891CC9D52F0081F82B /* JYSeptManager.h */,
				5B7AF08A1CC9D52F0081F82B /* JYSeptManager.m */,
			);
			path = Data;
			sourceTree = "<group>";
		};
		5B7AF0691CC9D2CC0081F82B /* Head */ = {
			isa = PBXGroup;
			children = (
				5B7AF0961CC9D5460081F82B /* JYDefine.h */,
				5B7AF0971CC9D5460081F82B /* JYMainHead.h */,
			);
			path = Head;
			sourceTree = "<group>";
		};
		5B7AF06A1CC9D2CC0081F82B /* Indiator */ = {
			isa = PBXGroup;
			children = (
				5B7AF08C1CC9D5360081F82B /* JQBounceSpot1Animation.h */,
				5B7AF08D1CC9D5360081F82B /* JQBounceSpot1Animation.m */,
				5B7AF08E1CC9D5360081F82B /* JQIndicatorAnimationProtocol.h */,
				5B7AF08F1CC9D5360081F82B /* JQIndicatorView.h */,
				5B7AF0901CC9D5360081F82B /* JQIndicatorView.m */,
			);
			path = Indiator;
			sourceTree = "<group>";
		};
		5B7AF06B1CC9D2CC0081F82B /* Language */ = {
			isa = PBXGroup;
			children = (
				5B7AF0931CC9D53C0081F82B /* JYLanguageTool.h */,
				5B7AF0941CC9D53C0081F82B /* JYLanguageTool.m */,
			);
			path = Language;
			sourceTree = "<group>";
		};
		5B7AF06D1CC9D2EE0081F82B /* AppDelegate */ = {
			isa = PBXGroup;
			children = (
				5B7AF06E1CC9D2EE0081F82B /* AppDelegate.h */,
				5B7AF06F1CC9D2EE0081F82B /* AppDelegate.m */,
			);
			path = AppDelegate;
			sourceTree = "<group>";
		};
/* End PBXGroup section */

/* Begin PBXNativeTarget section */
		5B7AF0171CC9D1340081F82B /* ESAYCAM */ = {
			isa = PBXNativeTarget;
			buildConfigurationList = 5B7AF0451CC9D1360081F82B /* Build configuration list for PBXNativeTarget "ESAYCAM" */;
			buildPhases = (
				2694152578B59ECF44BC60DB /* Check Pods Manifest.lock */,
				5B7AF0141CC9D1340081F82B /* Sources */,
				5B7AF0151CC9D1340081F82B /* Frameworks */,
				5B7AF0161CC9D1340081F82B /* Resources */,
				DA44FDCDE108BA9657BC4548 /* Embed Pods Frameworks */,
				6DF71EE4ADD97873002638C3 /* Copy Pods Resources */,
			);
			buildRules = (
			);
			dependencies = (
			);
			name = ESAYCAM;
			productName = ESAYCAM;
			productReference = 5B7AF0181CC9D1340081F82B /* ESAYCAM.app */;
			productType = "com.apple.product-type.application";
		};
		5B7AF0301CC9D1360081F82B /* ESAYCAMTests */ = {
			isa = PBXNativeTarget;
			buildConfigurationList = 5B7AF0481CC9D1360081F82B /* Build configuration list for PBXNativeTarget "ESAYCAMTests" */;
			buildPhases = (
				5B7AF02D1CC9D1360081F82B /* Sources */,
				5B7AF02E1CC9D1360081F82B /* Frameworks */,
				5B7AF02F1CC9D1360081F82B /* Resources */,
			);
			buildRules = (
			);
			dependencies = (
				5B7AF0331CC9D1360081F82B /* PBXTargetDependency */,
			);
			name = ESAYCAMTests;
			productName = ESAYCAMTests;
			productReference = 5B7AF0311CC9D1360081F82B /* ESAYCAMTests.xctest */;
			productType = "com.apple.product-type.bundle.unit-test";
		};
		5B7AF03B1CC9D1360081F82B /* ESAYCAMUITests */ = {
			isa = PBXNativeTarget;
			buildConfigurationList = 5B7AF04B1CC9D1360081F82B /* Build configuration list for PBXNativeTarget "ESAYCAMUITests" */;
			buildPhases = (
				5B7AF0381CC9D1360081F82B /* Sources */,
				5B7AF0391CC9D1360081F82B /* Frameworks */,
				5B7AF03A1CC9D1360081F82B /* Resources */,
			);
			buildRules = (
			);
			dependencies = (
				5B7AF03E1CC9D1360081F82B /* PBXTargetDependency */,
			);
			name = ESAYCAMUITests;
			productName = ESAYCAMUITests;
			productReference = 5B7AF03C1CC9D1360081F82B /* ESAYCAMUITests.xctest */;
			productType = "com.apple.product-type.bundle.ui-testing";
		};
/* End PBXNativeTarget section */

/* Begin PBXProject section */
		5B7AF0101CC9D1330081F82B /* Project object */ = {
			isa = PBXProject;
			attributes = {
				CLASSPREFIX = JY;
				LastUpgradeCheck = 0730;
				ORGANIZATIONNAME = "九月";
				TargetAttributes = {
					5B7AF0171CC9D1340081F82B = {
						CreatedOnToolsVersion = 7.3;
					};
					5B7AF0301CC9D1360081F82B = {
						CreatedOnToolsVersion = 7.3;
						TestTargetID = 5B7AF0171CC9D1340081F82B;
					};
					5B7AF03B1CC9D1360081F82B = {
						CreatedOnToolsVersion = 7.3;
						TestTargetID = 5B7AF0171CC9D1340081F82B;
					};
				};
			};
			buildConfigurationList = 5B7AF0131CC9D1330081F82B /* Build configuration list for PBXProject "ESAYCAM" */;
			compatibilityVersion = "Xcode 3.2";
			developmentRegion = English;
			hasScannedForEncodings = 0;
			knownRegions = (
				en,
				Base,
			);
			mainGroup = 5B7AF00F1CC9D1330081F82B;
			productRefGroup = 5B7AF0191CC9D1340081F82B /* Products */;
			projectDirPath = "";
			projectRoot = "";
			targets = (
				5B7AF0171CC9D1340081F82B /* ESAYCAM */,
				5B7AF0301CC9D1360081F82B /* ESAYCAMTests */,
				5B7AF03B1CC9D1360081F82B /* ESAYCAMUITests */,
			);
		};
/* End PBXProject section */

/* Begin PBXResourcesBuildPhase section */
		5B7AF0161CC9D1340081F82B /* Resources */ = {
			isa = PBXResourcesBuildPhase;
			buildActionMask = 2147483647;
			files = (
				5B7AF0CF1CCA19440081F82B /* JYSliderImageView.xib in Resources */,
				5B7AF0D71CCA1B0C0081F82B /* JYThreeBtnView.xib in Resources */,
				5B7AF02B1CC9D1350081F82B /* LaunchScreen.storyboard in Resources */,
				5B7AF0281CC9D1350081F82B /* Assets.xcassets in Resources */,
				5B7AF0991CC9D5570081F82B /* JYNewFeturnData.plist in Resources */,
				5B7AF0501CC9D1B40081F82B /* Info.plist in Resources */,
			);
			runOnlyForDeploymentPostprocessing = 0;
		};
		5B7AF02F1CC9D1360081F82B /* Resources */ = {
			isa = PBXResourcesBuildPhase;
			buildActionMask = 2147483647;
			files = (
			);
			runOnlyForDeploymentPostprocessing = 0;
		};
		5B7AF03A1CC9D1360081F82B /* Resources */ = {
			isa = PBXResourcesBuildPhase;
			buildActionMask = 2147483647;
			files = (
			);
			runOnlyForDeploymentPostprocessing = 0;
		};
/* End PBXResourcesBuildPhase section */

/* Begin PBXShellScriptBuildPhase section */
		2694152578B59ECF44BC60DB /* Check Pods Manifest.lock */ = {
			isa = PBXShellScriptBuildPhase;
			buildActionMask = 2147483647;
			files = (
			);
			inputPaths = (
			);
			name = "Check Pods Manifest.lock";
			outputPaths = (
			);
			runOnlyForDeploymentPostprocessing = 0;
			shellPath = /bin/sh;
			shellScript = "diff \"${PODS_ROOT}/../Podfile.lock\" \"${PODS_ROOT}/Manifest.lock\" > /dev/null\nif [[ $? != 0 ]] ; then\n    cat << EOM\nerror: The sandbox is not in sync with the Podfile.lock. Run 'pod install' or update your CocoaPods installation.\nEOM\n    exit 1\nfi\n";
			showEnvVarsInLog = 0;
		};
		6DF71EE4ADD97873002638C3 /* Copy Pods Resources */ = {
			isa = PBXShellScriptBuildPhase;
			buildActionMask = 2147483647;
			files = (
			);
			inputPaths = (
			);
			name = "Copy Pods Resources";
			outputPaths = (
			);
			runOnlyForDeploymentPostprocessing = 0;
			shellPath = /bin/sh;
			shellScript = "\"${SRCROOT}/Pods/Target Support Files/Pods-ESAYCAM/Pods-ESAYCAM-resources.sh\"\n";
			showEnvVarsInLog = 0;
		};
		DA44FDCDE108BA9657BC4548 /* Embed Pods Frameworks */ = {
			isa = PBXShellScriptBuildPhase;
			buildActionMask = 2147483647;
			files = (
			);
			inputPaths = (
			);
			name = "Embed Pods Frameworks";
			outputPaths = (
			);
			runOnlyForDeploymentPostprocessing = 0;
			shellPath = /bin/sh;
			shellScript = "\"${SRCROOT}/Pods/Target Support Files/Pods-ESAYCAM/Pods-ESAYCAM-frameworks.sh\"\n";
			showEnvVarsInLog = 0;
		};
/* End PBXShellScriptBuildPhase section */

/* Begin PBXSourcesBuildPhase section */
		5B7AF0141CC9D1340081F82B /* Sources */ = {
			isa = PBXSourcesBuildPhase;
			buildActionMask = 2147483647;
			files = (
				5B7AF0B81CC9F3000081F82B /* JYNavigationController.m in Sources */,
				5B7AF0BE1CCA08160081F82B /* JYVideoView.m in Sources */,
				5B7AF0E31CCA1B340081F82B /* JYResolutionView.m in Sources */,
				5B7AF0A31CC9D5920081F82B /* JYSaveVideoData.m in Sources */,
				5B7AF0F21CCA1B660081F82B /* JYDirectionCell.m in Sources */,
				5B7AF0F51CCA1B820081F82B /* JYCustomSliderView.m in Sources */,
				5B7AF0AF1CC9D5F00081F82B /* UIView+Extension.m in Sources */,
				5B7AF0D61CCA1B0C0081F82B /* JYThreeBtnView.m in Sources */,
				5B7AF0AC1CC9D5F00081F82B /* JYNSString+Extension.m in Sources */,
				5B7AF0F81CCA1BB50081F82B /* JYLabelDirection.m in Sources */,
				5B7AF0911CC9D5360081F82B /* JQBounceSpot1Animation.m in Sources */,
				5B7AF0A11CC9D5920081F82B /* JYPeripheral.m in Sources */,
				5B7AF0CA1CCA16D80081F82B /* DWBubbleMenuButton.m in Sources */,
				5B7AF0791CC9D5070081F82B /* JYBlueManager.m in Sources */,
				5B7AF0701CC9D2EE0081F82B /* AppDelegate.m in Sources */,
				5B7AF0D21CCA1A960081F82B /* JYContenView.m in Sources */,
				5B7AF0E61CCA1B3B0081F82B /* JYLanguageView.m in Sources */,
				5B7AF0951CC9D53C0081F82B /* JYLanguageTool.m in Sources */,
				5B7AF0C41CCA0B4E0081F82B /* JYShoeInfoView.m in Sources */,
				5B7AF0511CC9D1B40081F82B /* main.m in Sources */,
				5B7AF0CE1CCA19440081F82B /* JYSliderImageView.m in Sources */,
				5B7AF0731CC9D3110081F82B /* JYHomeController.m in Sources */,
				5B7AF0B51CC9F2BC0081F82B /* JYItemsData.m in Sources */,
				5B7AF0E01CCA1B230081F82B /* JYExpsureView.m in Sources */,
				5B7AF0EF1CCA1B520081F82B /* JYResetVideoView.m in Sources */,
				5B7AF0921CC9D5360081F82B /* JQIndicatorView.m in Sources */,
				5B7AF0DD1CCA1B1C0081F82B /* JYBalanceView.m in Sources */,
				5B7AF0BB1CC9F5780081F82B /* JYRulesView.m in Sources */,
				5B7AF0AE1CC9D5F00081F82B /* UIImage+CKExtension.m in Sources */,
				5B7AF0E91CCA1B420081F82B /* JYSupportView.m in Sources */,
				5B7AF08B1CC9D52F0081F82B /* JYSeptManager.m in Sources */,
				5B7AF0A21CC9D5920081F82B /* JYResolutionData.m in Sources */,
				5B7AF0C11CCA08530081F82B /* JYVideoTimeView.m in Sources */,
				5B7AF0FB1CCA1BBD0081F82B /* JYLabelSwitch.m in Sources */,
				5B7AF0FE1CCA1C870081F82B /* JYCoreBlueView.m in Sources */,
				5B7AF0C71CCA0F4C0081F82B /* JYLeftTopView.m in Sources */,
				5B7AF0EC1CCA1B4B0081F82B /* JYCameraLensView.m in Sources */,
				5B7AF0761CC9D5010081F82B /* JYCameraManager.m in Sources */,
				5B7AF0DA1CCA1B150081F82B /* JYSettingView.m in Sources */,
				5B7AF0B21CC9F2B70081F82B /* JYNewFetureViewCtl.m in Sources */,
			);
			runOnlyForDeploymentPostprocessing = 0;
		};
		5B7AF02D1CC9D1360081F82B /* Sources */ = {
			isa = PBXSourcesBuildPhase;
			buildActionMask = 2147483647;
			files = (
				5B7AF0361CC9D1360081F82B /* ESAYCAMTests.m in Sources */,
			);
			runOnlyForDeploymentPostprocessing = 0;
		};
		5B7AF0381CC9D1360081F82B /* Sources */ = {
			isa = PBXSourcesBuildPhase;
			buildActionMask = 2147483647;
			files = (
				5B7AF0411CC9D1360081F82B /* ESAYCAMUITests.m in Sources */,
			);
			runOnlyForDeploymentPostprocessing = 0;
		};
/* End PBXSourcesBuildPhase section */

/* Begin PBXTargetDependency section */
		5B7AF0331CC9D1360081F82B /* PBXTargetDependency */ = {
			isa = PBXTargetDependency;
			target = 5B7AF0171CC9D1340081F82B /* ESAYCAM */;
			targetProxy = 5B7AF0321CC9D1360081F82B /* PBXContainerItemProxy */;
		};
		5B7AF03E1CC9D1360081F82B /* PBXTargetDependency */ = {
			isa = PBXTargetDependency;
			target = 5B7AF0171CC9D1340081F82B /* ESAYCAM */;
			targetProxy = 5B7AF03D1CC9D1360081F82B /* PBXContainerItemProxy */;
		};
/* End PBXTargetDependency section */

/* Begin PBXVariantGroup section */
		5B7AF0291CC9D1350081F82B /* LaunchScreen.storyboard */ = {
			isa = PBXVariantGroup;
			children = (
				5B7AF02A1CC9D1350081F82B /* Base */,
			);
			name = LaunchScreen.storyboard;
			sourceTree = "<group>";
		};
/* End PBXVariantGroup section */

/* Begin XCBuildConfiguration section */
		5B7AF0431CC9D1360081F82B /* Debug */ = {
			isa = XCBuildConfiguration;
			buildSettings = {
				ALWAYS_SEARCH_USER_PATHS = NO;
				CLANG_ANALYZER_NONNULL = YES;
				CLANG_CXX_LANGUAGE_STANDARD = "gnu++0x";
				CLANG_CXX_LIBRARY = "libc++";
				CLANG_ENABLE_MODULES = YES;
				CLANG_ENABLE_OBJC_ARC = YES;
				CLANG_WARN_BOOL_CONVERSION = YES;
				CLANG_WARN_CONSTANT_CONVERSION = YES;
				CLANG_WARN_DIRECT_OBJC_ISA_USAGE = YES_ERROR;
				CLANG_WARN_EMPTY_BODY = YES;
				CLANG_WARN_ENUM_CONVERSION = YES;
				CLANG_WARN_INT_CONVERSION = YES;
				CLANG_WARN_OBJC_ROOT_CLASS = YES_ERROR;
				CLANG_WARN_UNREACHABLE_CODE = YES;
				CLANG_WARN__DUPLICATE_METHOD_MATCH = YES;
				"CODE_SIGN_IDENTITY[sdk=iphoneos*]" = "iPhone Developer";
				COPY_PHASE_STRIP = NO;
				DEBUG_INFORMATION_FORMAT = dwarf;
				ENABLE_STRICT_OBJC_MSGSEND = YES;
				ENABLE_TESTABILITY = YES;
				GCC_C_LANGUAGE_STANDARD = gnu99;
				GCC_DYNAMIC_NO_PIC = NO;
				GCC_NO_COMMON_BLOCKS = YES;
				GCC_OPTIMIZATION_LEVEL = 0;
				GCC_PREPROCESSOR_DEFINITIONS = (
					"DEBUG=1",
					"$(inherited)",
				);
				GCC_WARN_64_TO_32_BIT_CONVERSION = YES;
				GCC_WARN_ABOUT_RETURN_TYPE = YES_ERROR;
				GCC_WARN_UNDECLARED_SELECTOR = YES;
				GCC_WARN_UNINITIALIZED_AUTOS = YES_AGGRESSIVE;
				GCC_WARN_UNUSED_FUNCTION = YES;
				GCC_WARN_UNUSED_VARIABLE = YES;
				IPHONEOS_DEPLOYMENT_TARGET = 9.3;
				MTL_ENABLE_DEBUG_INFO = YES;
				ONLY_ACTIVE_ARCH = YES;
				SDKROOT = iphoneos;
			};
			name = Debug;
		};
		5B7AF0441CC9D1360081F82B /* Release */ = {
			isa = XCBuildConfiguration;
			buildSettings = {
				ALWAYS_SEARCH_USER_PATHS = NO;
				CLANG_ANALYZER_NONNULL = YES;
				CLANG_CXX_LANGUAGE_STANDARD = "gnu++0x";
				CLANG_CXX_LIBRARY = "libc++";
				CLANG_ENABLE_MODULES = YES;
				CLANG_ENABLE_OBJC_ARC = YES;
				CLANG_WARN_BOOL_CONVERSION = YES;
				CLANG_WARN_CONSTANT_CONVERSION = YES;
				CLANG_WARN_DIRECT_OBJC_ISA_USAGE = YES_ERROR;
				CLANG_WARN_EMPTY_BODY = YES;
				CLANG_WARN_ENUM_CONVERSION = YES;
				CLANG_WARN_INT_CONVERSION = YES;
				CLANG_WARN_OBJC_ROOT_CLASS = YES_ERROR;
				CLANG_WARN_UNREACHABLE_CODE = YES;
				CLANG_WARN__DUPLICATE_METHOD_MATCH = YES;
				"CODE_SIGN_IDENTITY[sdk=iphoneos*]" = "iPhone Developer";
				COPY_PHASE_STRIP = NO;
				DEBUG_INFORMATION_FORMAT = "dwarf-with-dsym";
				ENABLE_NS_ASSERTIONS = NO;
				ENABLE_STRICT_OBJC_MSGSEND = YES;
				GCC_C_LANGUAGE_STANDARD = gnu99;
				GCC_NO_COMMON_BLOCKS = YES;
				GCC_WARN_64_TO_32_BIT_CONVERSION = YES;
				GCC_WARN_ABOUT_RETURN_TYPE = YES_ERROR;
				GCC_WARN_UNDECLARED_SELECTOR = YES;
				GCC_WARN_UNINITIALIZED_AUTOS = YES_AGGRESSIVE;
				GCC_WARN_UNUSED_FUNCTION = YES;
				GCC_WARN_UNUSED_VARIABLE = YES;
				IPHONEOS_DEPLOYMENT_TARGET = 9.3;
				MTL_ENABLE_DEBUG_INFO = NO;
				SDKROOT = iphoneos;
				VALIDATE_PRODUCT = YES;
			};
			name = Release;
		};
		5B7AF0461CC9D1360081F82B /* Debug */ = {
			isa = XCBuildConfiguration;
			baseConfigurationReference = 73CC82AF7BEB308A0F1E1F3D /* Pods-ESAYCAM.debug.xcconfig */;
			buildSettings = {
				ASSETCATALOG_COMPILER_APPICON_NAME = AppIcon;
				GCC_PREFIX_HEADER = ESAYCAM/PrefixHeader.pch;
				INFOPLIST_FILE = ESAYCAM/Systems/Info.plist;
				IPHONEOS_DEPLOYMENT_TARGET = 8.0;
				LD_RUNPATH_SEARCH_PATHS = "$(inherited) @executable_path/Frameworks";
				PRODUCT_BUNDLE_IDENTIFIER = com.ezcam360.ESAYCAM;
				PRODUCT_NAME = "$(TARGET_NAME)";
			};
			name = Debug;
		};
		5B7AF0471CC9D1360081F82B /* Release */ = {
			isa = XCBuildConfiguration;
			baseConfigurationReference = 423A7CBCB3806C5CFAE36BD7 /* Pods-ESAYCAM.release.xcconfig */;
			buildSettings = {
				ASSETCATALOG_COMPILER_APPICON_NAME = AppIcon;
				GCC_PREFIX_HEADER = ESAYCAM/PrefixHeader.pch;
				INFOPLIST_FILE = ESAYCAM/Systems/Info.plist;
				IPHONEOS_DEPLOYMENT_TARGET = 8.0;
				LD_RUNPATH_SEARCH_PATHS = "$(inherited) @executable_path/Frameworks";
				PRODUCT_BUNDLE_IDENTIFIER = com.ezcam360.ESAYCAM;
				PRODUCT_NAME = "$(TARGET_NAME)";
			};
			name = Release;
		};
		5B7AF0491CC9D1360081F82B /* Debug */ = {
			isa = XCBuildConfiguration;
			buildSettings = {
				BUNDLE_LOADER = "$(TEST_HOST)";
				INFOPLIST_FILE = ESAYCAMTests/Info.plist;
				LD_RUNPATH_SEARCH_PATHS = "$(inherited) @executable_path/Frameworks @loader_path/Frameworks";
				PRODUCT_BUNDLE_IDENTIFIER = com.ezcam360.ESAYCAMTests;
				PRODUCT_NAME = "$(TARGET_NAME)";
				TEST_HOST = "$(BUILT_PRODUCTS_DIR)/ESAYCAM.app/ESAYCAM";
			};
			name = Debug;
		};
		5B7AF04A1CC9D1360081F82B /* Release */ = {
			isa = XCBuildConfiguration;
			buildSettings = {
				BUNDLE_LOADER = "$(TEST_HOST)";
				INFOPLIST_FILE = ESAYCAMTests/Info.plist;
				LD_RUNPATH_SEARCH_PATHS = "$(inherited) @executable_path/Frameworks @loader_path/Frameworks";
				PRODUCT_BUNDLE_IDENTIFIER = com.ezcam360.ESAYCAMTests;
				PRODUCT_NAME = "$(TARGET_NAME)";
				TEST_HOST = "$(BUILT_PRODUCTS_DIR)/ESAYCAM.app/ESAYCAM";
			};
			name = Release;
		};
		5B7AF04C1CC9D1360081F82B /* Debug */ = {
			isa = XCBuildConfiguration;
			buildSettings = {
				INFOPLIST_FILE = ESAYCAMUITests/Info.plist;
				LD_RUNPATH_SEARCH_PATHS = "$(inherited) @executable_path/Frameworks @loader_path/Frameworks";
				PRODUCT_BUNDLE_IDENTIFIER = com.ezcam360.ESAYCAMUITests;
				PRODUCT_NAME = "$(TARGET_NAME)";
				TEST_TARGET_NAME = ESAYCAM;
			};
			name = Debug;
		};
		5B7AF04D1CC9D1360081F82B /* Release */ = {
			isa = XCBuildConfiguration;
			buildSettings = {
				INFOPLIST_FILE = ESAYCAMUITests/Info.plist;
				LD_RUNPATH_SEARCH_PATHS = "$(inherited) @executable_path/Frameworks @loader_path/Frameworks";
				PRODUCT_BUNDLE_IDENTIFIER = com.ezcam360.ESAYCAMUITests;
				PRODUCT_NAME = "$(TARGET_NAME)";
				TEST_TARGET_NAME = ESAYCAM;
			};
			name = Release;
		};
/* End XCBuildConfiguration section */

/* Begin XCConfigurationList section */
		5B7AF0131CC9D1330081F82B /* Build configuration list for PBXProject "ESAYCAM" */ = {
			isa = XCConfigurationList;
			buildConfigurations = (
				5B7AF0431CC9D1360081F82B /* Debug */,
				5B7AF0441CC9D1360081F82B /* Release */,
			);
			defaultConfigurationIsVisible = 0;
			defaultConfigurationName = Release;
		};
		5B7AF0451CC9D1360081F82B /* Build configuration list for PBXNativeTarget "ESAYCAM" */ = {
			isa = XCConfigurationList;
			buildConfigurations = (
				5B7AF0461CC9D1360081F82B /* Debug */,
				5B7AF0471CC9D1360081F82B /* Release */,
			);
			defaultConfigurationIsVisible = 0;
			defaultConfigurationName = Release;
		};
		5B7AF0481CC9D1360081F82B /* Build configuration list for PBXNativeTarget "ESAYCAMTests" */ = {
			isa = XCConfigurationList;
			buildConfigurations = (
				5B7AF0491CC9D1360081F82B /* Debug */,
				5B7AF04A1CC9D1360081F82B /* Release */,
			);
			defaultConfigurationIsVisible = 0;
			defaultConfigurationName = Release;
		};
		5B7AF04B1CC9D1360081F82B /* Build configuration list for PBXNativeTarget "ESAYCAMUITests" */ = {
			isa = XCConfigurationList;
			buildConfigurations = (
				5B7AF04C1CC9D1360081F82B /* Debug */,
				5B7AF04D1CC9D1360081F82B /* Release */,
			);
			defaultConfigurationIsVisible = 0;
			defaultConfigurationName = Release;
		};
/* End XCConfigurationList section */
	};
	rootObject = 5B7AF0101CC9D1330081F82B /* Project object */;
}
