<?xml version="1.0" encoding="UTF-8"?>
<!DOCTYPE plist PUBLIC "-//Apple//DTD PLIST 1.0//EN" "http://www.apple.com/DTDs/PropertyList-1.0.dtd">
<plist version="1.0">
<dict>
	<key>archiveVersion</key>
	<string>1</string>
	<key>classes</key>
	<dict/>
	<key>objectVersion</key>
	<string>46</string>
	<key>objects</key>
	<dict>
		<key>08F53520087E14F9893E08ED</key>
		<dict>
			<key>fileRef</key>
			<string>C9CE75CB855C1E6541B32D5A</string>
			<key>isa</key>
			<string>PBXBuildFile</string>
		</dict>
		<key>2694152578B59ECF44BC60DB</key>
		<dict>
			<key>buildActionMask</key>
			<string>2147483647</string>
			<key>files</key>
			<array/>
			<key>inputPaths</key>
			<array/>
			<key>isa</key>
			<string>PBXShellScriptBuildPhase</string>
			<key>name</key>
			<string>Check Pods Manifest.lock</string>
			<key>outputPaths</key>
			<array/>
			<key>runOnlyForDeploymentPostprocessing</key>
			<string>0</string>
			<key>shellPath</key>
			<string>/bin/sh</string>
			<key>shellScript</key>
			<string>diff "${PODS_ROOT}/../Podfile.lock" "${PODS_ROOT}/Manifest.lock" &gt; /dev/null
if [[ $? != 0 ]] ; then
    cat &lt;&lt; EOM
error: The sandbox is not in sync with the Podfile.lock. Run 'pod install' or update your CocoaPods installation.
EOM
    exit 1
fi
</string>
			<key>showEnvVarsInLog</key>
			<string>0</string>
		</dict>
		<key>35AE97AE4C864D23E304A0B7</key>
		<dict>
			<key>children</key>
			<array>
				<string>C9CE75CB855C1E6541B32D5A</string>
			</array>
			<key>isa</key>
			<string>PBXGroup</string>
			<key>name</key>
			<string>Frameworks</string>
			<key>sourceTree</key>
			<string>&lt;group&gt;</string>
		</dict>
		<key>423A7CBCB3806C5CFAE36BD7</key>
		<dict>
			<key>includeInIndex</key>
			<string>1</string>
			<key>isa</key>
			<string>PBXFileReference</string>
			<key>lastKnownFileType</key>
			<string>text.xcconfig</string>
			<key>name</key>
			<string>Pods-ESAYCAM.release.xcconfig</string>
			<key>path</key>
			<string>Pods/Target Support Files/Pods-ESAYCAM/Pods-ESAYCAM.release.xcconfig</string>
			<key>sourceTree</key>
			<string>&lt;group&gt;</string>
		</dict>
		<key>525BBAC8375EE3A10F7A8ECD</key>
		<dict>
			<key>children</key>
			<array>
				<string>73CC82AF7BEB308A0F1E1F3D</string>
				<string>423A7CBCB3806C5CFAE36BD7</string>
			</array>
			<key>isa</key>
			<string>PBXGroup</string>
			<key>name</key>
			<string>Pods</string>
			<key>sourceTree</key>
			<string>&lt;group&gt;</string>
		</dict>
		<key>5B7AF00F1CC9D1330081F82B</key>
		<dict>
			<key>children</key>
			<array>
				<string>5B7AF01A1CC9D1340081F82B</string>
				<string>5B7AF0341CC9D1360081F82B</string>
				<string>5B7AF03F1CC9D1360081F82B</string>
				<string>5B7AF0191CC9D1340081F82B</string>
				<string>525BBAC8375EE3A10F7A8ECD</string>
				<string>35AE97AE4C864D23E304A0B7</string>
			</array>
			<key>isa</key>
			<string>PBXGroup</string>
			<key>sourceTree</key>
			<string>&lt;group&gt;</string>
		</dict>
		<key>5B7AF0101CC9D1330081F82B</key>
		<dict>
			<key>attributes</key>
			<dict>
				<key>CLASSPREFIX</key>
				<string>JY</string>
				<key>LastUpgradeCheck</key>
				<string>0730</string>
				<key>ORGANIZATIONNAME</key>
				<string>&#20061;&#26376;</string>
				<key>TargetAttributes</key>
				<dict>
					<key>5B7AF0171CC9D1340081F82B</key>
					<dict>
						<key>CreatedOnToolsVersion</key>
						<string>7.3</string>
					</dict>
					<key>5B7AF0301CC9D1360081F82B</key>
					<dict>
						<key>CreatedOnToolsVersion</key>
						<string>7.3</string>
						<key>TestTargetID</key>
						<string>5B7AF0171CC9D1340081F82B</string>
					</dict>
					<key>5B7AF03B1CC9D1360081F82B</key>
					<dict>
						<key>CreatedOnToolsVersion</key>
						<string>7.3</string>
						<key>TestTargetID</key>
						<string>5B7AF0171CC9D1340081F82B</string>
					</dict>
				</dict>
			</dict>
			<key>buildConfigurationList</key>
			<string>5B7AF0131CC9D1330081F82B</string>
			<key>compatibilityVersion</key>
			<string>Xcode 3.2</string>
			<key>developmentRegion</key>
			<string>English</string>
			<key>hasScannedForEncodings</key>
			<string>0</string>
			<key>isa</key>
			<string>PBXProject</string>
			<key>knownRegions</key>
			<array>
				<string>en</string>
				<string>Base</string>
			</array>
			<key>mainGroup</key>
			<string>5B7AF00F1CC9D1330081F82B</string>
			<key>productRefGroup</key>
			<string>5B7AF0191CC9D1340081F82B</string>
			<key>projectDirPath</key>
			<string></string>
			<key>projectReferences</key>
			<array/>
			<key>projectRoot</key>
			<string></string>
			<key>targets</key>
			<array>
				<string>5B7AF0171CC9D1340081F82B</string>
				<string>5B7AF0301CC9D1360081F82B</string>
				<string>5B7AF03B1CC9D1360081F82B</string>
			</array>
		</dict>
		<key>5B7AF0131CC9D1330081F82B</key>
		<dict>
			<key>buildConfigurations</key>
			<array>
				<string>5B7AF0431CC9D1360081F82B</string>
				<string>5B7AF0441CC9D1360081F82B</string>
			</array>
			<key>defaultConfigurationIsVisible</key>
			<string>0</string>
			<key>defaultConfigurationName</key>
			<string>Release</string>
			<key>isa</key>
			<string>XCConfigurationList</string>
		</dict>
		<key>5B7AF0141CC9D1340081F82B</key>
		<dict>
			<key>buildActionMask</key>
			<string>2147483647</string>
			<key>files</key>
			<array>
				<string>5B7AF0A31CC9D5920081F82B</string>
				<string>5B7AF0AF1CC9D5F00081F82B</string>
				<string>5B7AF0AC1CC9D5F00081F82B</string>
				<string>5B7AF0911CC9D5360081F82B</string>
				<string>5B7AF0A11CC9D5920081F82B</string>
				<string>5B7AF0791CC9D5070081F82B</string>
				<string>5B7AF0701CC9D2EE0081F82B</string>
				<string>5B7AF0951CC9D53C0081F82B</string>
				<string>5B7AF0511CC9D1B40081F82B</string>
				<string>5B7AF0731CC9D3110081F82B</string>
				<string>5B7AF0851CC9D5280081F82B</string>
				<string>5B7AF0921CC9D5360081F82B</string>
				<string>5B7AF0AE1CC9D5F00081F82B</string>
				<string>5B7AF08B1CC9D52F0081F82B</string>
				<string>5B7AF0A21CC9D5920081F82B</string>
				<string>5B7AF0761CC9D5010081F82B</string>
			</array>
			<key>isa</key>
			<string>PBXSourcesBuildPhase</string>
			<key>runOnlyForDeploymentPostprocessing</key>
			<string>0</string>
		</dict>
		<key>5B7AF0151CC9D1340081F82B</key>
		<dict>
			<key>buildActionMask</key>
			<string>2147483647</string>
			<key>files</key>
			<array>
				<string>08F53520087E14F9893E08ED</string>
			</array>
			<key>isa</key>
			<string>PBXFrameworksBuildPhase</string>
			<key>runOnlyForDeploymentPostprocessing</key>
			<string>0</string>
		</dict>
		<key>5B7AF0161CC9D1340081F82B</key>
		<dict>
			<key>buildActionMask</key>
			<string>2147483647</string>
			<key>files</key>
			<array>
				<string>5B7AF02B1CC9D1350081F82B</string>
				<string>5B7AF0281CC9D1350081F82B</string>
				<string>5B7AF0991CC9D5570081F82B</string>
				<string>5B7AF0501CC9D1B40081F82B</string>
			</array>
			<key>isa</key>
			<string>PBXResourcesBuildPhase</string>
			<key>runOnlyForDeploymentPostprocessing</key>
			<string>0</string>
		</dict>
		<key>5B7AF0171CC9D1340081F82B</key>
		<dict>
			<key>buildConfigurationList</key>
			<string>5B7AF0451CC9D1360081F82B</string>
			<key>buildPhases</key>
			<array>
				<string>2694152578B59ECF44BC60DB</string>
				<string>5B7AF0141CC9D1340081F82B</string>
				<string>5B7AF0151CC9D1340081F82B</string>
				<string>5B7AF0161CC9D1340081F82B</string>
				<string>DA44FDCDE108BA9657BC4548</string>
				<string>6DF71EE4ADD97873002638C3</string>
			</array>
			<key>buildRules</key>
			<array/>
			<key>dependencies</key>
			<array/>
			<key>isa</key>
			<string>PBXNativeTarget</string>
			<key>name</key>
			<string>ESAYCAM</string>
			<key>productName</key>
			<string>ESAYCAM</string>
			<key>productReference</key>
			<string>5B7AF0181CC9D1340081F82B</string>
			<key>productType</key>
			<string>com.apple.product-type.application</string>
		</dict>
		<key>5B7AF0181CC9D1340081F82B</key>
		<dict>
			<key>explicitFileType</key>
			<string>wrapper.application</string>
			<key>includeInIndex</key>
			<string>0</string>
			<key>isa</key>
			<string>PBXFileReference</string>
			<key>path</key>
			<string>ESAYCAM.app</string>
			<key>sourceTree</key>
			<string>BUILT_PRODUCTS_DIR</string>
		</dict>
		<key>5B7AF0191CC9D1340081F82B</key>
		<dict>
			<key>children</key>
			<array>
				<string>5B7AF0181CC9D1340081F82B</string>
				<string>5B7AF0311CC9D1360081F82B</string>
				<string>5B7AF03C1CC9D1360081F82B</string>
			</array>
			<key>isa</key>
			<string>PBXGroup</string>
			<key>name</key>
			<string>Products</string>
			<key>sourceTree</key>
			<string>&lt;group&gt;</string>
		</dict>
		<key>5B7AF01A1CC9D1340081F82B</key>
		<dict>
			<key>children</key>
			<array>
				<string>5B7AF0521CC9D2BC0081F82B</string>
				<string>5B7AF0551CC9D2C30081F82B</string>
				<string>5B7AF0621CC9D2CC0081F82B</string>
				<string>5B7AF01B1CC9D1340081F82B</string>
			</array>
			<key>isa</key>
			<string>PBXGroup</string>
			<key>path</key>
			<string>ESAYCAM</string>
			<key>sourceTree</key>
			<string>&lt;group&gt;</string>
		</dict>
		<key>5B7AF01B1CC9D1340081F82B</key>
		<dict>
			<key>children</key>
			<array>
				<string>5B7AF09A1CC9D5710081F82B</string>
				<string>5B7AF0981CC9D5570081F82B</string>
				<string>5B7AF0271CC9D1350081F82B</string>
				<string>5B7AF0291CC9D1350081F82B</string>
				<string>5B7AF04E1CC9D1B40081F82B</string>
				<string>5B7AF04F1CC9D1B40081F82B</string>
			</array>
			<key>isa</key>
			<string>PBXGroup</string>
			<key>name</key>
			<string>Supporting Files</string>
			<key>sourceTree</key>
			<string>&lt;group&gt;</string>
		</dict>
		<key>5B7AF0271CC9D1350081F82B</key>
		<dict>
			<key>isa</key>
			<string>PBXFileReference</string>
			<key>lastKnownFileType</key>
			<string>folder.assetcatalog</string>
			<key>path</key>
			<string>Assets.xcassets</string>
			<key>sourceTree</key>
			<string>&lt;group&gt;</string>
		</dict>
		<key>5B7AF0281CC9D1350081F82B</key>
		<dict>
			<key>fileRef</key>
			<string>5B7AF0271CC9D1350081F82B</string>
			<key>isa</key>
			<string>PBXBuildFile</string>
		</dict>
		<key>5B7AF0291CC9D1350081F82B</key>
		<dict>
			<key>children</key>
			<array>
				<string>5B7AF02A1CC9D1350081F82B</string>
			</array>
			<key>isa</key>
			<string>PBXVariantGroup</string>
			<key>name</key>
			<string>LaunchScreen.storyboard</string>
			<key>sourceTree</key>
			<string>&lt;group&gt;</string>
		</dict>
		<key>5B7AF02A1CC9D1350081F82B</key>
		<dict>
			<key>isa</key>
			<string>PBXFileReference</string>
			<key>lastKnownFileType</key>
			<string>file.storyboard</string>
			<key>name</key>
			<string>Base</string>
			<key>path</key>
			<string>Base.lproj/LaunchScreen.storyboard</string>
			<key>sourceTree</key>
			<string>&lt;group&gt;</string>
		</dict>
		<key>5B7AF02B1CC9D1350081F82B</key>
		<dict>
			<key>fileRef</key>
			<string>5B7AF0291CC9D1350081F82B</string>
			<key>isa</key>
			<string>PBXBuildFile</string>
		</dict>
		<key>5B7AF02D1CC9D1360081F82B</key>
		<dict>
			<key>buildActionMask</key>
			<string>2147483647</string>
			<key>files</key>
			<array>
				<string>5B7AF0361CC9D1360081F82B</string>
			</array>
			<key>isa</key>
			<string>PBXSourcesBuildPhase</string>
			<key>runOnlyForDeploymentPostprocessing</key>
			<string>0</string>
		</dict>
		<key>5B7AF02E1CC9D1360081F82B</key>
		<dict>
			<key>buildActionMask</key>
			<string>2147483647</string>
			<key>files</key>
			<array/>
			<key>isa</key>
			<string>PBXFrameworksBuildPhase</string>
			<key>runOnlyForDeploymentPostprocessing</key>
			<string>0</string>
		</dict>
		<key>5B7AF02F1CC9D1360081F82B</key>
		<dict>
			<key>buildActionMask</key>
			<string>2147483647</string>
			<key>files</key>
			<array/>
			<key>isa</key>
			<string>PBXResourcesBuildPhase</string>
			<key>runOnlyForDeploymentPostprocessing</key>
			<string>0</string>
		</dict>
		<key>5B7AF0301CC9D1360081F82B</key>
		<dict>
			<key>buildConfigurationList</key>
			<string>5B7AF0481CC9D1360081F82B</string>
			<key>buildPhases</key>
			<array>
				<string>5B7AF02D1CC9D1360081F82B</string>
				<string>5B7AF02E1CC9D1360081F82B</string>
				<string>5B7AF02F1CC9D1360081F82B</string>
			</array>
			<key>buildRules</key>
			<array/>
			<key>dependencies</key>
			<array>
				<string>5B7AF0331CC9D1360081F82B</string>
			</array>
			<key>isa</key>
			<string>PBXNativeTarget</string>
			<key>name</key>
			<string>ESAYCAMTests</string>
			<key>productName</key>
			<string>ESAYCAMTests</string>
			<key>productReference</key>
			<string>5B7AF0311CC9D1360081F82B</string>
			<key>productType</key>
			<string>com.apple.product-type.bundle.unit-test</string>
		</dict>
		<key>5B7AF0311CC9D1360081F82B</key>
		<dict>
			<key>explicitFileType</key>
			<string>wrapper.cfbundle</string>
			<key>includeInIndex</key>
			<string>0</string>
			<key>isa</key>
			<string>PBXFileReference</string>
			<key>path</key>
			<string>ESAYCAMTests.xctest</string>
			<key>sourceTree</key>
			<string>BUILT_PRODUCTS_DIR</string>
		</dict>
		<key>5B7AF0321CC9D1360081F82B</key>
		<dict>
			<key>containerPortal</key>
			<string>5B7AF0101CC9D1330081F82B</string>
			<key>isa</key>
			<string>PBXContainerItemProxy</string>
			<key>proxyType</key>
			<string>1</string>
			<key>remoteGlobalIDString</key>
			<string>5B7AF0171CC9D1340081F82B</string>
			<key>remoteInfo</key>
			<string>ESAYCAM</string>
		</dict>
		<key>5B7AF0331CC9D1360081F82B</key>
		<dict>
			<key>isa</key>
			<string>PBXTargetDependency</string>
			<key>target</key>
			<string>5B7AF0171CC9D1340081F82B</string>
			<key>targetProxy</key>
			<string>5B7AF0321CC9D1360081F82B</string>
		</dict>
		<key>5B7AF0341CC9D1360081F82B</key>
		<dict>
			<key>children</key>
			<array>
				<string>5B7AF0351CC9D1360081F82B</string>
				<string>5B7AF0371CC9D1360081F82B</string>
			</array>
			<key>isa</key>
			<string>PBXGroup</string>
			<key>path</key>
			<string>ESAYCAMTests</string>
			<key>sourceTree</key>
			<string>&lt;group&gt;</string>
		</dict>
		<key>5B7AF0351CC9D1360081F82B</key>
		<dict>
			<key>isa</key>
			<string>PBXFileReference</string>
			<key>lastKnownFileType</key>
			<string>sourcecode.c.objc</string>
			<key>path</key>
			<string>ESAYCAMTests.m</string>
			<key>sourceTree</key>
			<string>&lt;group&gt;</string>
		</dict>
		<key>5B7AF0361CC9D1360081F82B</key>
		<dict>
			<key>fileRef</key>
			<string>5B7AF0351CC9D1360081F82B</string>
			<key>isa</key>
			<string>PBXBuildFile</string>
		</dict>
		<key>5B7AF0371CC9D1360081F82B</key>
		<dict>
			<key>isa</key>
			<string>PBXFileReference</string>
			<key>lastKnownFileType</key>
			<string>text.plist.xml</string>
			<key>path</key>
			<string>Info.plist</string>
			<key>sourceTree</key>
			<string>&lt;group&gt;</string>
		</dict>
		<key>5B7AF0381CC9D1360081F82B</key>
		<dict>
			<key>buildActionMask</key>
			<string>2147483647</string>
			<key>files</key>
			<array>
				<string>5B7AF0411CC9D1360081F82B</string>
			</array>
			<key>isa</key>
			<string>PBXSourcesBuildPhase</string>
			<key>runOnlyForDeploymentPostprocessing</key>
			<string>0</string>
		</dict>
		<key>5B7AF0391CC9D1360081F82B</key>
		<dict>
			<key>buildActionMask</key>
			<string>2147483647</string>
			<key>files</key>
			<array/>
			<key>isa</key>
			<string>PBXFrameworksBuildPhase</string>
			<key>runOnlyForDeploymentPostprocessing</key>
			<string>0</string>
		</dict>
		<key>5B7AF03A1CC9D1360081F82B</key>
		<dict>
			<key>buildActionMask</key>
			<string>2147483647</string>
			<key>files</key>
			<array/>
			<key>isa</key>
			<string>PBXResourcesBuildPhase</string>
			<key>runOnlyForDeploymentPostprocessing</key>
			<string>0</string>
		</dict>
		<key>5B7AF03B1CC9D1360081F82B</key>
		<dict>
			<key>buildConfigurationList</key>
			<string>5B7AF04B1CC9D1360081F82B</string>
			<key>buildPhases</key>
			<array>
				<string>5B7AF0381CC9D1360081F82B</string>
				<string>5B7AF0391CC9D1360081F82B</string>
				<string>5B7AF03A1CC9D1360081F82B</string>
			</array>
			<key>buildRules</key>
			<array/>
			<key>dependencies</key>
			<array>
				<string>5B7AF03E1CC9D1360081F82B</string>
			</array>
			<key>isa</key>
			<string>PBXNativeTarget</string>
			<key>name</key>
			<string>ESAYCAMUITests</string>
			<key>productName</key>
			<string>ESAYCAMUITests</string>
			<key>productReference</key>
			<string>5B7AF03C1CC9D1360081F82B</string>
			<key>productType</key>
			<string>com.apple.product-type.bundle.ui-testing</string>
		</dict>
		<key>5B7AF03C1CC9D1360081F82B</key>
		<dict>
			<key>explicitFileType</key>
			<string>wrapper.cfbundle</string>
			<key>includeInIndex</key>
			<string>0</string>
			<key>isa</key>
			<string>PBXFileReference</string>
			<key>path</key>
			<string>ESAYCAMUITests.xctest</string>
			<key>sourceTree</key>
			<string>BUILT_PRODUCTS_DIR</string>
		</dict>
		<key>5B7AF03D1CC9D1360081F82B</key>
		<dict>
			<key>containerPortal</key>
			<string>5B7AF0101CC9D1330081F82B</string>
			<key>isa</key>
			<string>PBXContainerItemProxy</string>
			<key>proxyType</key>
			<string>1</string>
			<key>remoteGlobalIDString</key>
			<string>5B7AF0171CC9D1340081F82B</string>
			<key>remoteInfo</key>
			<string>ESAYCAM</string>
		</dict>
		<key>5B7AF03E1CC9D1360081F82B</key>
		<dict>
			<key>isa</key>
			<string>PBXTargetDependency</string>
			<key>target</key>
			<string>5B7AF0171CC9D1340081F82B</string>
			<key>targetProxy</key>
			<string>5B7AF03D1CC9D1360081F82B</string>
		</dict>
		<key>5B7AF03F1CC9D1360081F82B</key>
		<dict>
			<key>children</key>
			<array>
				<string>5B7AF0401CC9D1360081F82B</string>
				<string>5B7AF0421CC9D1360081F82B</string>
			</array>
			<key>isa</key>
			<string>PBXGroup</string>
			<key>path</key>
			<string>ESAYCAMUITests</string>
			<key>sourceTree</key>
			<string>&lt;group&gt;</string>
		</dict>
		<key>5B7AF0401CC9D1360081F82B</key>
		<dict>
			<key>isa</key>
			<string>PBXFileReference</string>
			<key>lastKnownFileType</key>
			<string>sourcecode.c.objc</string>
			<key>path</key>
			<string>ESAYCAMUITests.m</string>
			<key>sourceTree</key>
			<string>&lt;group&gt;</string>
		</dict>
		<key>5B7AF0411CC9D1360081F82B</key>
		<dict>
			<key>fileRef</key>
			<string>5B7AF0401CC9D1360081F82B</string>
			<key>isa</key>
			<string>PBXBuildFile</string>
		</dict>
		<key>5B7AF0421CC9D1360081F82B</key>
		<dict>
			<key>isa</key>
			<string>PBXFileReference</string>
			<key>lastKnownFileType</key>
			<string>text.plist.xml</string>
			<key>path</key>
			<string>Info.plist</string>
			<key>sourceTree</key>
			<string>&lt;group&gt;</string>
		</dict>
		<key>5B7AF0431CC9D1360081F82B</key>
		<dict>
			<key>buildSettings</key>
			<dict>
				<key>ALWAYS_SEARCH_USER_PATHS</key>
				<string>NO</string>
				<key>CLANG_ANALYZER_NONNULL</key>
				<string>YES</string>
				<key>CLANG_CXX_LANGUAGE_STANDARD</key>
				<string>gnu++0x</string>
				<key>CLANG_CXX_LIBRARY</key>
				<string>libc++</string>
				<key>CLANG_ENABLE_MODULES</key>
				<string>YES</string>
				<key>CLANG_ENABLE_OBJC_ARC</key>
				<string>YES</string>
				<key>CLANG_WARN_BOOL_CONVERSION</key>
				<string>YES</string>
				<key>CLANG_WARN_CONSTANT_CONVERSION</key>
				<string>YES</string>
				<key>CLANG_WARN_DIRECT_OBJC_ISA_USAGE</key>
				<string>YES_ERROR</string>
				<key>CLANG_WARN_EMPTY_BODY</key>
				<string>YES</string>
				<key>CLANG_WARN_ENUM_CONVERSION</key>
				<string>YES</string>
				<key>CLANG_WARN_INT_CONVERSION</key>
				<string>YES</string>
				<key>CLANG_WARN_OBJC_ROOT_CLASS</key>
				<string>YES_ERROR</string>
				<key>CLANG_WARN_UNREACHABLE_CODE</key>
				<string>YES</string>
				<key>CLANG_WARN__DUPLICATE_METHOD_MATCH</key>
				<string>YES</string>
				<key>CODE_SIGN_IDENTITY[sdk=iphoneos*]</key>
				<string>iPhone Developer</string>
				<key>COPY_PHASE_STRIP</key>
				<string>NO</string>
				<key>DEBUG_INFORMATION_FORMAT</key>
				<string>dwarf</string>
				<key>ENABLE_STRICT_OBJC_MSGSEND</key>
				<string>YES</string>
				<key>ENABLE_TESTABILITY</key>
				<string>YES</string>
				<key>GCC_C_LANGUAGE_STANDARD</key>
				<string>gnu99</string>
				<key>GCC_DYNAMIC_NO_PIC</key>
				<string>NO</string>
				<key>GCC_NO_COMMON_BLOCKS</key>
				<string>YES</string>
				<key>GCC_OPTIMIZATION_LEVEL</key>
				<string>0</string>
				<key>GCC_PREPROCESSOR_DEFINITIONS</key>
				<array>
					<string>DEBUG=1</string>
					<string>$(inherited)</string>
				</array>
				<key>GCC_WARN_64_TO_32_BIT_CONVERSION</key>
				<string>YES</string>
				<key>GCC_WARN_ABOUT_RETURN_TYPE</key>
				<string>YES_ERROR</string>
				<key>GCC_WARN_UNDECLARED_SELECTOR</key>
				<string>YES</string>
				<key>GCC_WARN_UNINITIALIZED_AUTOS</key>
				<string>YES_AGGRESSIVE</string>
				<key>GCC_WARN_UNUSED_FUNCTION</key>
				<string>YES</string>
				<key>GCC_WARN_UNUSED_VARIABLE</key>
				<string>YES</string>
				<key>IPHONEOS_DEPLOYMENT_TARGET</key>
				<string>9.3</string>
				<key>MTL_ENABLE_DEBUG_INFO</key>
				<string>YES</string>
				<key>ONLY_ACTIVE_ARCH</key>
				<string>YES</string>
				<key>SDKROOT</key>
				<string>iphoneos</string>
			</dict>
			<key>isa</key>
			<string>XCBuildConfiguration</string>
			<key>name</key>
			<string>Debug</string>
		</dict>
		<key>5B7AF0441CC9D1360081F82B</key>
		<dict>
			<key>buildSettings</key>
			<dict>
				<key>ALWAYS_SEARCH_USER_PATHS</key>
				<string>NO</string>
				<key>CLANG_ANALYZER_NONNULL</key>
				<string>YES</string>
				<key>CLANG_CXX_LANGUAGE_STANDARD</key>
				<string>gnu++0x</string>
				<key>CLANG_CXX_LIBRARY</key>
				<string>libc++</string>
				<key>CLANG_ENABLE_MODULES</key>
				<string>YES</string>
				<key>CLANG_ENABLE_OBJC_ARC</key>
				<string>YES</string>
				<key>CLANG_WARN_BOOL_CONVERSION</key>
				<string>YES</string>
				<key>CLANG_WARN_CONSTANT_CONVERSION</key>
				<string>YES</string>
				<key>CLANG_WARN_DIRECT_OBJC_ISA_USAGE</key>
				<string>YES_ERROR</string>
				<key>CLANG_WARN_EMPTY_BODY</key>
				<string>YES</string>
				<key>CLANG_WARN_ENUM_CONVERSION</key>
				<string>YES</string>
				<key>CLANG_WARN_INT_CONVERSION</key>
				<string>YES</string>
				<key>CLANG_WARN_OBJC_ROOT_CLASS</key>
				<string>YES_ERROR</string>
				<key>CLANG_WARN_UNREACHABLE_CODE</key>
				<string>YES</string>
				<key>CLANG_WARN__DUPLICATE_METHOD_MATCH</key>
				<string>YES</string>
				<key>CODE_SIGN_IDENTITY[sdk=iphoneos*]</key>
				<string>iPhone Developer</string>
				<key>COPY_PHASE_STRIP</key>
				<string>NO</string>
				<key>DEBUG_INFORMATION_FORMAT</key>
				<string>dwarf-with-dsym</string>
				<key>ENABLE_NS_ASSERTIONS</key>
				<string>NO</string>
				<key>ENABLE_STRICT_OBJC_MSGSEND</key>
				<string>YES</string>
				<key>GCC_C_LANGUAGE_STANDARD</key>
				<string>gnu99</string>
				<key>GCC_NO_COMMON_BLOCKS</key>
				<string>YES</string>
				<key>GCC_WARN_64_TO_32_BIT_CONVERSION</key>
				<string>YES</string>
				<key>GCC_WARN_ABOUT_RETURN_TYPE</key>
				<string>YES_ERROR</string>
				<key>GCC_WARN_UNDECLARED_SELECTOR</key>
				<string>YES</string>
				<key>GCC_WARN_UNINITIALIZED_AUTOS</key>
				<string>YES_AGGRESSIVE</string>
				<key>GCC_WARN_UNUSED_FUNCTION</key>
				<string>YES</string>
				<key>GCC_WARN_UNUSED_VARIABLE</key>
				<string>YES</string>
				<key>IPHONEOS_DEPLOYMENT_TARGET</key>
				<string>9.3</string>
				<key>MTL_ENABLE_DEBUG_INFO</key>
				<string>NO</string>
				<key>SDKROOT</key>
				<string>iphoneos</string>
				<key>VALIDATE_PRODUCT</key>
				<string>YES</string>
			</dict>
			<key>isa</key>
			<string>XCBuildConfiguration</string>
			<key>name</key>
			<string>Release</string>
		</dict>
		<key>5B7AF0451CC9D1360081F82B</key>
		<dict>
			<key>buildConfigurations</key>
			<array>
				<string>5B7AF0461CC9D1360081F82B</string>
				<string>5B7AF0471CC9D1360081F82B</string>
			</array>
			<key>defaultConfigurationIsVisible</key>
			<string>0</string>
			<key>isa</key>
			<string>XCConfigurationList</string>
		</dict>
		<key>5B7AF0461CC9D1360081F82B</key>
		<dict>
			<key>baseConfigurationReference</key>
			<string>73CC82AF7BEB308A0F1E1F3D</string>
			<key>buildSettings</key>
			<dict>
				<key>ASSETCATALOG_COMPILER_APPICON_NAME</key>
				<string>AppIcon</string>
				<key>GCC_PREFIX_HEADER</key>
				<string>ESAYCAM/PrefixHeader.pch</string>
				<key>INFOPLIST_FILE</key>
				<string>ESAYCAM/Systems/Info.plist</string>
				<key>IPHONEOS_DEPLOYMENT_TARGET</key>
				<string>8.0</string>
				<key>LD_RUNPATH_SEARCH_PATHS</key>
				<string>$(inherited) @executable_path/Frameworks</string>
				<key>PRODUCT_BUNDLE_IDENTIFIER</key>
				<string>com.ezcam360.ESAYCAM</string>
				<key>PRODUCT_NAME</key>
				<string>$(TARGET_NAME)</string>
			</dict>
			<key>isa</key>
			<string>XCBuildConfiguration</string>
			<key>name</key>
			<string>Debug</string>
		</dict>
		<key>5B7AF0471CC9D1360081F82B</key>
		<dict>
			<key>baseConfigurationReference</key>
			<string>423A7CBCB3806C5CFAE36BD7</string>
			<key>buildSettings</key>
			<dict>
				<key>ASSETCATALOG_COMPILER_APPICON_NAME</key>
				<string>AppIcon</string>
				<key>GCC_PREFIX_HEADER</key>
				<string>ESAYCAM/PrefixHeader.pch</string>
				<key>INFOPLIST_FILE</key>
				<string>ESAYCAM/Systems/Info.plist</string>
				<key>IPHONEOS_DEPLOYMENT_TARGET</key>
				<string>8.0</string>
				<key>LD_RUNPATH_SEARCH_PATHS</key>
				<string>$(inherited) @executable_path/Frameworks</string>
				<key>PRODUCT_BUNDLE_IDENTIFIER</key>
				<string>com.ezcam360.ESAYCAM</string>
				<key>PRODUCT_NAME</key>
				<string>$(TARGET_NAME)</string>
			</dict>
			<key>isa</key>
			<string>XCBuildConfiguration</string>
			<key>name</key>
			<string>Release</string>
		</dict>
		<key>5B7AF0481CC9D1360081F82B</key>
		<dict>
			<key>buildConfigurations</key>
			<array>
				<string>5B7AF0491CC9D1360081F82B</string>
				<string>5B7AF04A1CC9D1360081F82B</string>
			</array>
			<key>defaultConfigurationIsVisible</key>
			<string>0</string>
			<key>isa</key>
			<string>XCConfigurationList</string>
		</dict>
		<key>5B7AF0491CC9D1360081F82B</key>
		<dict>
			<key>buildSettings</key>
			<dict>
				<key>BUNDLE_LOADER</key>
				<string>$(TEST_HOST)</string>
				<key>INFOPLIST_FILE</key>
				<string>ESAYCAMTests/Info.plist</string>
				<key>LD_RUNPATH_SEARCH_PATHS</key>
				<string>$(inherited) @executable_path/Frameworks @loader_path/Frameworks</string>
				<key>PRODUCT_BUNDLE_IDENTIFIER</key>
				<string>com.ezcam360.ESAYCAMTests</string>
				<key>PRODUCT_NAME</key>
				<string>$(TARGET_NAME)</string>
				<key>TEST_HOST</key>
				<string>$(BUILT_PRODUCTS_DIR)/ESAYCAM.app/ESAYCAM</string>
			</dict>
			<key>isa</key>
			<string>XCBuildConfiguration</string>
			<key>name</key>
			<string>Debug</string>
		</dict>
		<key>5B7AF04A1CC9D1360081F82B</key>
		<dict>
			<key>buildSettings</key>
			<dict>
				<key>BUNDLE_LOADER</key>
				<string>$(TEST_HOST)</string>
				<key>INFOPLIST_FILE</key>
				<string>ESAYCAMTests/Info.plist</string>
				<key>LD_RUNPATH_SEARCH_PATHS</key>
				<string>$(inherited) @executable_path/Frameworks @loader_path/Frameworks</string>
				<key>PRODUCT_BUNDLE_IDENTIFIER</key>
				<string>com.ezcam360.ESAYCAMTests</string>
				<key>PRODUCT_NAME</key>
				<string>$(TARGET_NAME)</string>
				<key>TEST_HOST</key>
				<string>$(BUILT_PRODUCTS_DIR)/ESAYCAM.app/ESAYCAM</string>
			</dict>
			<key>isa</key>
			<string>XCBuildConfiguration</string>
			<key>name</key>
			<string>Release</string>
		</dict>
		<key>5B7AF04B1CC9D1360081F82B</key>
		<dict>
			<key>buildConfigurations</key>
			<array>
				<string>5B7AF04C1CC9D1360081F82B</string>
				<string>5B7AF04D1CC9D1360081F82B</string>
			</array>
			<key>defaultConfigurationIsVisible</key>
			<string>0</string>
			<key>isa</key>
			<string>XCConfigurationList</string>
		</dict>
		<key>5B7AF04C1CC9D1360081F82B</key>
		<dict>
			<key>buildSettings</key>
			<dict>
				<key>INFOPLIST_FILE</key>
				<string>ESAYCAMUITests/Info.plist</string>
				<key>LD_RUNPATH_SEARCH_PATHS</key>
				<string>$(inherited) @executable_path/Frameworks @loader_path/Frameworks</string>
				<key>PRODUCT_BUNDLE_IDENTIFIER</key>
				<string>com.ezcam360.ESAYCAMUITests</string>
				<key>PRODUCT_NAME</key>
				<string>$(TARGET_NAME)</string>
				<key>TEST_TARGET_NAME</key>
				<string>ESAYCAM</string>
			</dict>
			<key>isa</key>
			<string>XCBuildConfiguration</string>
			<key>name</key>
			<string>Debug</string>
		</dict>
		<key>5B7AF04D1CC9D1360081F82B</key>
		<dict>
			<key>buildSettings</key>
			<dict>
				<key>INFOPLIST_FILE</key>
				<string>ESAYCAMUITests/Info.plist</string>
				<key>LD_RUNPATH_SEARCH_PATHS</key>
				<string>$(inherited) @executable_path/Frameworks @loader_path/Frameworks</string>
				<key>PRODUCT_BUNDLE_IDENTIFIER</key>
				<string>com.ezcam360.ESAYCAMUITests</string>
				<key>PRODUCT_NAME</key>
				<string>$(TARGET_NAME)</string>
				<key>TEST_TARGET_NAME</key>
				<string>ESAYCAM</string>
			</dict>
			<key>isa</key>
			<string>XCBuildConfiguration</string>
			<key>name</key>
			<string>Release</string>
		</dict>
		<key>5B7AF04E1CC9D1B40081F82B</key>
		<dict>
			<key>fileEncoding</key>
			<string>4</string>
			<key>isa</key>
			<string>PBXFileReference</string>
			<key>lastKnownFileType</key>
			<string>text.plist.xml</string>
			<key>name</key>
			<string>Info.plist</string>
			<key>path</key>
			<string>Systems/Info.plist</string>
			<key>sourceTree</key>
			<string>&lt;group&gt;</string>
		</dict>
		<key>5B7AF04F1CC9D1B40081F82B</key>
		<dict>
			<key>fileEncoding</key>
			<string>4</string>
			<key>isa</key>
			<string>PBXFileReference</string>
			<key>lastKnownFileType</key>
			<string>sourcecode.c.objc</string>
			<key>name</key>
			<string>main.m</string>
			<key>path</key>
			<string>Systems/main.m</string>
			<key>sourceTree</key>
			<string>&lt;group&gt;</string>
		</dict>
		<key>5B7AF0501CC9D1B40081F82B</key>
		<dict>
			<key>fileRef</key>
			<string>5B7AF04E1CC9D1B40081F82B</string>
			<key>isa</key>
			<string>PBXBuildFile</string>
		</dict>
		<key>5B7AF0511CC9D1B40081F82B</key>
		<dict>
			<key>fileRef</key>
			<string>5B7AF04F1CC9D1B40081F82B</string>
			<key>isa</key>
			<string>PBXBuildFile</string>
		</dict>
		<key>5B7AF0521CC9D2BC0081F82B</key>
		<dict>
			<key>children</key>
			<array>
				<string>5B7AF0531CC9D2BC0081F82B</string>
				<string>5B7AF0541CC9D2BC0081F82B</string>
			</array>
			<key>isa</key>
			<string>PBXGroup</string>
			<key>path</key>
			<string>Main</string>
			<key>sourceTree</key>
			<string>&lt;group&gt;</string>
		</dict>
		<key>5B7AF0531CC9D2BC0081F82B</key>
		<dict>
			<key>children</key>
			<array>
				<string>5B7AF0741CC9D5010081F82B</string>
				<string>5B7AF0751CC9D5010081F82B</string>
			</array>
			<key>isa</key>
			<string>PBXGroup</string>
			<key>path</key>
			<string>Camera</string>
			<key>sourceTree</key>
			<string>&lt;group&gt;</string>
		</dict>
		<key>5B7AF0541CC9D2BC0081F82B</key>
		<dict>
			<key>children</key>
			<array>
				<string>5B7AF0771CC9D5070081F82B</string>
				<string>5B7AF0781CC9D5070081F82B</string>
			</array>
			<key>isa</key>
			<string>PBXGroup</string>
			<key>path</key>
			<string>CoreBlue</string>
			<key>sourceTree</key>
			<string>&lt;group&gt;</string>
		</dict>
		<key>5B7AF0551CC9D2C30081F82B</key>
		<dict>
			<key>children</key>
			<array>
				<string>5B7AF0561CC9D2C30081F82B</string>
				<string>5B7AF05A1CC9D2C30081F82B</string>
				<string>5B7AF05E1CC9D2C30081F82B</string>
			</array>
			<key>isa</key>
			<string>PBXGroup</string>
			<key>path</key>
			<string>Classes</string>
			<key>sourceTree</key>
			<string>&lt;group&gt;</string>
		</dict>
		<key>5B7AF0561CC9D2C30081F82B</key>
		<dict>
			<key>children</key>
			<array>
				<string>5B7AF0571CC9D2C30081F82B</string>
				<string>5B7AF0581CC9D2C30081F82B</string>
				<string>5B7AF0591CC9D2C30081F82B</string>
			</array>
			<key>isa</key>
			<string>PBXGroup</string>
			<key>path</key>
			<string>Home</string>
			<key>sourceTree</key>
			<string>&lt;group&gt;</string>
		</dict>
		<key>5B7AF0571CC9D2C30081F82B</key>
		<dict>
			<key>children</key>
			<array>
				<string>5B7AF0711CC9D3110081F82B</string>
				<string>5B7AF0721CC9D3110081F82B</string>
			</array>
			<key>isa</key>
			<string>PBXGroup</string>
			<key>path</key>
			<string>Controller</string>
			<key>sourceTree</key>
			<string>&lt;group&gt;</string>
		</dict>
		<key>5B7AF0581CC9D2C30081F82B</key>
		<dict>
			<key>children</key>
			<array>
				<string>5B7AF09B1CC9D5920081F82B</string>
				<string>5B7AF09C1CC9D5920081F82B</string>
				<string>5B7AF09D1CC9D5920081F82B</string>
				<string>5B7AF09E1CC9D5920081F82B</string>
				<string>5B7AF09F1CC9D5920081F82B</string>
				<string>5B7AF0A01CC9D5920081F82B</string>
			</array>
			<key>isa</key>
			<string>PBXGroup</string>
			<key>path</key>
			<string>Model</string>
			<key>sourceTree</key>
			<string>&lt;group&gt;</string>
		</dict>
		<key>5B7AF0591CC9D2C30081F82B</key>
		<dict>
			<key>children</key>
			<array/>
			<key>isa</key>
			<string>PBXGroup</string>
			<key>path</key>
			<string>View</string>
			<key>sourceTree</key>
			<string>&lt;group&gt;</string>
		</dict>
		<key>5B7AF05A1CC9D2C30081F82B</key>
		<dict>
			<key>children</key>
			<array>
				<string>5B7AF05B1CC9D2C30081F82B</string>
				<string>5B7AF05C1CC9D2C30081F82B</string>
				<string>5B7AF05D1CC9D2C30081F82B</string>
			</array>
			<key>isa</key>
			<string>PBXGroup</string>
			<key>path</key>
			<string>NewFesture</string>
			<key>sourceTree</key>
			<string>&lt;group&gt;</string>
		</dict>
		<key>5B7AF05B1CC9D2C30081F82B</key>
		<dict>
			<key>children</key>
			<array/>
			<key>isa</key>
			<string>PBXGroup</string>
			<key>path</key>
			<string>Controller</string>
			<key>sourceTree</key>
			<string>&lt;group&gt;</string>
		</dict>
		<key>5B7AF05C1CC9D2C30081F82B</key>
		<dict>
			<key>children</key>
			<array/>
			<key>isa</key>
			<string>PBXGroup</string>
			<key>path</key>
			<string>Model</string>
			<key>sourceTree</key>
			<string>&lt;group&gt;</string>
		</dict>
		<key>5B7AF05D1CC9D2C30081F82B</key>
		<dict>
			<key>children</key>
			<array/>
			<key>isa</key>
			<string>PBXGroup</string>
			<key>path</key>
			<string>View</string>
			<key>sourceTree</key>
			<string>&lt;group&gt;</string>
		</dict>
		<key>5B7AF05E1CC9D2C30081F82B</key>
		<dict>
			<key>children</key>
			<array>
				<string>5B7AF05F1CC9D2C30081F82B</string>
				<string>5B7AF0601CC9D2C30081F82B</string>
				<string>5B7AF0611CC9D2C30081F82B</string>
			</array>
			<key>isa</key>
			<string>PBXGroup</string>
			<key>path</key>
			<string>WebView</string>
			<key>sourceTree</key>
			<string>&lt;group&gt;</string>
		</dict>
		<key>5B7AF05F1CC9D2C30081F82B</key>
		<dict>
			<key>children</key>
			<array/>
			<key>isa</key>
			<string>PBXGroup</string>
			<key>path</key>
			<string>Controller</string>
			<key>sourceTree</key>
			<string>&lt;group&gt;</string>
		</dict>
		<key>5B7AF0601CC9D2C30081F82B</key>
		<dict>
			<key>children</key>
			<array/>
			<key>isa</key>
			<string>PBXGroup</string>
			<key>path</key>
			<string>Model</string>
			<key>sourceTree</key>
			<string>&lt;group&gt;</string>
		</dict>
		<key>5B7AF0611CC9D2C30081F82B</key>
		<dict>
			<key>children</key>
			<array/>
			<key>isa</key>
			<string>PBXGroup</string>
			<key>path</key>
			<string>View</string>
			<key>sourceTree</key>
			<string>&lt;group&gt;</string>
		</dict>
		<key>5B7AF0621CC9D2CC0081F82B</key>
		<dict>
			<key>children</key>
			<array>
				<string>5B7AF0691CC9D2CC0081F82B</string>
				<string>5B7AF0661CC9D2CC0081F82B</string>
				<string>5B7AF0671CC9D2CC0081F82B</string>
				<string>5B7AF0681CC9D2CC0081F82B</string>
				<string>5B7AF06A1CC9D2CC0081F82B</string>
				<string>5B7AF06B1CC9D2CC0081F82B</string>
				<string>5B7AF06D1CC9D2EE0081F82B</string>
			</array>
			<key>isa</key>
			<string>PBXGroup</string>
			<key>path</key>
			<string>Others</string>
			<key>sourceTree</key>
			<string>&lt;group&gt;</string>
		</dict>
		<key>5B7AF0661CC9D2CC0081F82B</key>
		<dict>
			<key>children</key>
			<array>
				<string>5B7AF07D1CC9D5280081F82B</string>
				<string>5B7AF07E1CC9D5280081F82B</string>
			</array>
			<key>isa</key>
			<string>PBXGroup</string>
			<key>path</key>
			<string>Base</string>
			<key>sourceTree</key>
			<string>&lt;group&gt;</string>
		</dict>
		<key>5B7AF0671CC9D2CC0081F82B</key>
		<dict>
			<key>children</key>
			<array>
				<string>5B7AF0A41CC9D5F00081F82B</string>
				<string>5B7AF0A51CC9D5F00081F82B</string>
				<string>5B7AF0A81CC9D5F00081F82B</string>
				<string>5B7AF0A91CC9D5F00081F82B</string>
				<string>5B7AF0AA1CC9D5F00081F82B</string>
				<string>5B7AF0AB1CC9D5F00081F82B</string>
			</array>
			<key>isa</key>
			<string>PBXGroup</string>
			<key>path</key>
			<string>Category</string>
			<key>sourceTree</key>
			<string>&lt;group&gt;</string>
		</dict>
		<key>5B7AF0681CC9D2CC0081F82B</key>
		<dict>
			<key>children</key>
			<array>
				<string>5B7AF0891CC9D52F0081F82B</string>
				<string>5B7AF08A1CC9D52F0081F82B</string>
			</array>
			<key>isa</key>
			<string>PBXGroup</string>
			<key>path</key>
			<string>Data</string>
			<key>sourceTree</key>
			<string>&lt;group&gt;</string>
		</dict>
		<key>5B7AF0691CC9D2CC0081F82B</key>
		<dict>
			<key>children</key>
			<array>
				<string>5B7AF0961CC9D5460081F82B</string>
				<string>5B7AF0971CC9D5460081F82B</string>
			</array>
			<key>isa</key>
			<string>PBXGroup</string>
			<key>path</key>
			<string>Head</string>
			<key>sourceTree</key>
			<string>&lt;group&gt;</string>
		</dict>
		<key>5B7AF06A1CC9D2CC0081F82B</key>
		<dict>
			<key>children</key>
			<array>
				<string>5B7AF08C1CC9D5360081F82B</string>
				<string>5B7AF08D1CC9D5360081F82B</string>
				<string>5B7AF08E1CC9D5360081F82B</string>
				<string>5B7AF08F1CC9D5360081F82B</string>
				<string>5B7AF0901CC9D5360081F82B</string>
			</array>
			<key>isa</key>
			<string>PBXGroup</string>
			<key>path</key>
			<string>Indiator</string>
			<key>sourceTree</key>
			<string>&lt;group&gt;</string>
		</dict>
		<key>5B7AF06B1CC9D2CC0081F82B</key>
		<dict>
			<key>children</key>
			<array>
				<string>5B7AF0931CC9D53C0081F82B</string>
				<string>5B7AF0941CC9D53C0081F82B</string>
			</array>
			<key>isa</key>
			<string>PBXGroup</string>
			<key>path</key>
			<string>Language</string>
			<key>sourceTree</key>
			<string>&lt;group&gt;</string>
		</dict>
		<key>5B7AF06D1CC9D2EE0081F82B</key>
		<dict>
			<key>children</key>
			<array>
				<string>5B7AF06E1CC9D2EE0081F82B</string>
				<string>5B7AF06F1CC9D2EE0081F82B</string>
			</array>
			<key>isa</key>
			<string>PBXGroup</string>
			<key>path</key>
			<string>AppDelegate</string>
			<key>sourceTree</key>
			<string>&lt;group&gt;</string>
		</dict>
		<key>5B7AF06E1CC9D2EE0081F82B</key>
		<dict>
			<key>fileEncoding</key>
			<string>4</string>
			<key>isa</key>
			<string>PBXFileReference</string>
			<key>lastKnownFileType</key>
			<string>sourcecode.c.h</string>
			<key>path</key>
			<string>AppDelegate.h</string>
			<key>sourceTree</key>
			<string>&lt;group&gt;</string>
		</dict>
		<key>5B7AF06F1CC9D2EE0081F82B</key>
		<dict>
			<key>fileEncoding</key>
			<string>4</string>
			<key>isa</key>
			<string>PBXFileReference</string>
			<key>lastKnownFileType</key>
			<string>sourcecode.c.objc</string>
			<key>path</key>
			<string>AppDelegate.m</string>
			<key>sourceTree</key>
			<string>&lt;group&gt;</string>
		</dict>
		<key>5B7AF0701CC9D2EE0081F82B</key>
		<dict>
			<key>fileRef</key>
			<string>5B7AF06F1CC9D2EE0081F82B</string>
			<key>isa</key>
			<string>PBXBuildFile</string>
		</dict>
		<key>5B7AF0711CC9D3110081F82B</key>
		<dict>
			<key>fileEncoding</key>
			<string>4</string>
			<key>isa</key>
			<string>PBXFileReference</string>
			<key>lastKnownFileType</key>
			<string>sourcecode.c.h</string>
			<key>path</key>
			<string>JYHomeController.h</string>
			<key>sourceTree</key>
			<string>&lt;group&gt;</string>
		</dict>
		<key>5B7AF0721CC9D3110081F82B</key>
		<dict>
			<key>fileEncoding</key>
			<string>4</string>
			<key>isa</key>
			<string>PBXFileReference</string>
			<key>lastKnownFileType</key>
			<string>sourcecode.c.objc</string>
			<key>path</key>
			<string>JYHomeController.m</string>
			<key>sourceTree</key>
			<string>&lt;group&gt;</string>
		</dict>
		<key>5B7AF0731CC9D3110081F82B</key>
		<dict>
			<key>fileRef</key>
			<string>5B7AF0721CC9D3110081F82B</string>
			<key>isa</key>
			<string>PBXBuildFile</string>
		</dict>
		<key>5B7AF0741CC9D5010081F82B</key>
		<dict>
			<key>fileEncoding</key>
			<string>4</string>
			<key>isa</key>
			<string>PBXFileReference</string>
			<key>lastKnownFileType</key>
			<string>sourcecode.c.h</string>
			<key>path</key>
			<string>JYCameraManager.h</string>
			<key>sourceTree</key>
			<string>&lt;group&gt;</string>
		</dict>
		<key>5B7AF0751CC9D5010081F82B</key>
		<dict>
			<key>fileEncoding</key>
			<string>4</string>
			<key>isa</key>
			<string>PBXFileReference</string>
			<key>lastKnownFileType</key>
			<string>sourcecode.c.objc</string>
			<key>path</key>
			<string>JYCameraManager.m</string>
			<key>sourceTree</key>
			<string>&lt;group&gt;</string>
		</dict>
		<key>5B7AF0761CC9D5010081F82B</key>
		<dict>
			<key>fileRef</key>
			<string>5B7AF0751CC9D5010081F82B</string>
			<key>isa</key>
			<string>PBXBuildFile</string>
		</dict>
		<key>5B7AF0771CC9D5070081F82B</key>
		<dict>
			<key>fileEncoding</key>
			<string>4</string>
			<key>isa</key>
			<string>PBXFileReference</string>
			<key>lastKnownFileType</key>
			<string>sourcecode.c.h</string>
			<key>path</key>
			<string>JYBlueManager.h</string>
			<key>sourceTree</key>
			<string>&lt;group&gt;</string>
		</dict>
		<key>5B7AF0781CC9D5070081F82B</key>
		<dict>
			<key>fileEncoding</key>
			<string>4</string>
			<key>isa</key>
			<string>PBXFileReference</string>
			<key>lastKnownFileType</key>
			<string>sourcecode.c.objc</string>
			<key>path</key>
			<string>JYBlueManager.m</string>
			<key>sourceTree</key>
			<string>&lt;group&gt;</string>
		</dict>
		<key>5B7AF0791CC9D5070081F82B</key>
		<dict>
			<key>fileRef</key>
			<string>5B7AF0781CC9D5070081F82B</string>
			<key>isa</key>
			<string>PBXBuildFile</string>
		</dict>
		<key>5B7AF07D1CC9D5280081F82B</key>
		<dict>
			<key>fileEncoding</key>
			<string>4</string>
			<key>isa</key>
			<string>PBXFileReference</string>
			<key>lastKnownFileType</key>
			<string>sourcecode.c.h</string>
			<key>path</key>
			<string>JYNSString+Extension.h</string>
			<key>sourceTree</key>
			<string>&lt;group&gt;</string>
		</dict>
		<key>5B7AF07E1CC9D5280081F82B</key>
		<dict>
			<key>fileEncoding</key>
			<string>4</string>
			<key>isa</key>
			<string>PBXFileReference</string>
			<key>lastKnownFileType</key>
			<string>sourcecode.c.objc</string>
			<key>path</key>
			<string>JYNSString+Extension.m</string>
			<key>sourceTree</key>
			<string>&lt;group&gt;</string>
		</dict>
		<key>5B7AF0851CC9D5280081F82B</key>
		<dict>
			<key>fileRef</key>
			<string>5B7AF07E1CC9D5280081F82B</string>
			<key>isa</key>
			<string>PBXBuildFile</string>
		</dict>
		<key>5B7AF0891CC9D52F0081F82B</key>
		<dict>
			<key>fileEncoding</key>
			<string>4</string>
			<key>isa</key>
			<string>PBXFileReference</string>
			<key>lastKnownFileType</key>
			<string>sourcecode.c.h</string>
			<key>path</key>
			<string>JYSeptManager.h</string>
			<key>sourceTree</key>
			<string>&lt;group&gt;</string>
		</dict>
		<key>5B7AF08A1CC9D52F0081F82B</key>
		<dict>
			<key>fileEncoding</key>
			<string>4</string>
			<key>isa</key>
			<string>PBXFileReference</string>
			<key>lastKnownFileType</key>
			<string>sourcecode.c.objc</string>
			<key>path</key>
			<string>JYSeptManager.m</string>
			<key>sourceTree</key>
			<string>&lt;group&gt;</string>
		</dict>
		<key>5B7AF08B1CC9D52F0081F82B</key>
		<dict>
			<key>fileRef</key>
			<string>5B7AF08A1CC9D52F0081F82B</string>
			<key>isa</key>
			<string>PBXBuildFile</string>
		</dict>
		<key>5B7AF08C1CC9D5360081F82B</key>
		<dict>
			<key>fileEncoding</key>
			<string>4</string>
			<key>isa</key>
			<string>PBXFileReference</string>
			<key>lastKnownFileType</key>
			<string>sourcecode.c.h</string>
			<key>path</key>
			<string>JQBounceSpot1Animation.h</string>
			<key>sourceTree</key>
			<string>&lt;group&gt;</string>
		</dict>
		<key>5B7AF08D1CC9D5360081F82B</key>
		<dict>
			<key>fileEncoding</key>
			<string>4</string>
			<key>isa</key>
			<string>PBXFileReference</string>
			<key>lastKnownFileType</key>
			<string>sourcecode.c.objc</string>
			<key>path</key>
			<string>JQBounceSpot1Animation.m</string>
			<key>sourceTree</key>
			<string>&lt;group&gt;</string>
		</dict>
		<key>5B7AF08E1CC9D5360081F82B</key>
		<dict>
			<key>fileEncoding</key>
			<string>4</string>
			<key>isa</key>
			<string>PBXFileReference</string>
			<key>lastKnownFileType</key>
			<string>sourcecode.c.h</string>
			<key>path</key>
			<string>JQIndicatorAnimationProtocol.h</string>
			<key>sourceTree</key>
			<string>&lt;group&gt;</string>
		</dict>
		<key>5B7AF08F1CC9D5360081F82B</key>
		<dict>
			<key>fileEncoding</key>
			<string>4</string>
			<key>isa</key>
			<string>PBXFileReference</string>
			<key>lastKnownFileType</key>
			<string>sourcecode.c.h</string>
			<key>path</key>
			<string>JQIndicatorView.h</string>
			<key>sourceTree</key>
			<string>&lt;group&gt;</string>
		</dict>
		<key>5B7AF0901CC9D5360081F82B</key>
		<dict>
			<key>fileEncoding</key>
			<string>4</string>
			<key>isa</key>
			<string>PBXFileReference</string>
			<key>lastKnownFileType</key>
			<string>sourcecode.c.objc</string>
			<key>path</key>
			<string>JQIndicatorView.m</string>
			<key>sourceTree</key>
			<string>&lt;group&gt;</string>
		</dict>
		<key>5B7AF0911CC9D5360081F82B</key>
		<dict>
			<key>fileRef</key>
			<string>5B7AF08D1CC9D5360081F82B</string>
			<key>isa</key>
			<string>PBXBuildFile</string>
		</dict>
		<key>5B7AF0921CC9D5360081F82B</key>
		<dict>
			<key>fileRef</key>
			<string>5B7AF0901CC9D5360081F82B</string>
			<key>isa</key>
			<string>PBXBuildFile</string>
		</dict>
		<key>5B7AF0931CC9D53C0081F82B</key>
		<dict>
			<key>fileEncoding</key>
			<string>4</string>
			<key>isa</key>
			<string>PBXFileReference</string>
			<key>lastKnownFileType</key>
			<string>sourcecode.c.h</string>
			<key>path</key>
			<string>JYLanguageTool.h</string>
			<key>sourceTree</key>
			<string>&lt;group&gt;</string>
		</dict>
		<key>5B7AF0941CC9D53C0081F82B</key>
		<dict>
			<key>fileEncoding</key>
			<string>4</string>
			<key>isa</key>
			<string>PBXFileReference</string>
			<key>lastKnownFileType</key>
			<string>sourcecode.c.objc</string>
			<key>path</key>
			<string>JYLanguageTool.m</string>
			<key>sourceTree</key>
			<string>&lt;group&gt;</string>
		</dict>
		<key>5B7AF0951CC9D53C0081F82B</key>
		<dict>
			<key>fileRef</key>
			<string>5B7AF0941CC9D53C0081F82B</string>
			<key>isa</key>
			<string>PBXBuildFile</string>
		</dict>
		<key>5B7AF0961CC9D5460081F82B</key>
		<dict>
			<key>fileEncoding</key>
			<string>4</string>
			<key>isa</key>
			<string>PBXFileReference</string>
			<key>lastKnownFileType</key>
			<string>sourcecode.c.h</string>
			<key>path</key>
			<string>JYDefine.h</string>
			<key>sourceTree</key>
			<string>&lt;group&gt;</string>
		</dict>
		<key>5B7AF0971CC9D5460081F82B</key>
		<dict>
			<key>fileEncoding</key>
			<string>4</string>
			<key>isa</key>
			<string>PBXFileReference</string>
			<key>lastKnownFileType</key>
			<string>sourcecode.c.h</string>
			<key>path</key>
			<string>JYMainHead.h</string>
			<key>sourceTree</key>
			<string>&lt;group&gt;</string>
		</dict>
		<key>5B7AF0981CC9D5570081F82B</key>
		<dict>
			<key>fileEncoding</key>
			<string>4</string>
			<key>isa</key>
			<string>PBXFileReference</string>
			<key>lastKnownFileType</key>
			<string>text.plist.xml</string>
			<key>path</key>
			<string>JYNewFeturnData.plist</string>
			<key>sourceTree</key>
			<string>&lt;group&gt;</string>
		</dict>
		<key>5B7AF0991CC9D5570081F82B</key>
		<dict>
			<key>fileRef</key>
			<string>5B7AF0981CC9D5570081F82B</string>
			<key>isa</key>
			<string>PBXBuildFile</string>
		</dict>
		<key>5B7AF09A1CC9D5710081F82B</key>
		<dict>
			<key>isa</key>
			<string>PBXFileReference</string>
			<key>lastKnownFileType</key>
			<string>sourcecode.c.h</string>
			<key>path</key>
			<string>PrefixHeader.pch</string>
			<key>sourceTree</key>
			<string>&lt;group&gt;</string>
		</dict>
		<key>5B7AF09B1CC9D5920081F82B</key>
		<dict>
			<key>fileEncoding</key>
			<string>4</string>
			<key>isa</key>
			<string>PBXFileReference</string>
			<key>lastKnownFileType</key>
			<string>sourcecode.c.h</string>
			<key>path</key>
			<string>JYPeripheral.h</string>
			<key>sourceTree</key>
			<string>&lt;group&gt;</string>
		</dict>
		<key>5B7AF09C1CC9D5920081F82B</key>
		<dict>
			<key>fileEncoding</key>
			<string>4</string>
			<key>isa</key>
			<string>PBXFileReference</string>
			<key>lastKnownFileType</key>
			<string>sourcecode.c.objc</string>
			<key>path</key>
			<string>JYPeripheral.m</string>
			<key>sourceTree</key>
			<string>&lt;group&gt;</string>
		</dict>
		<key>5B7AF09D1CC9D5920081F82B</key>
		<dict>
			<key>fileEncoding</key>
			<string>4</string>
			<key>isa</key>
			<string>PBXFileReference</string>
			<key>lastKnownFileType</key>
			<string>sourcecode.c.h</string>
			<key>path</key>
			<string>JYResolutionData.h</string>
			<key>sourceTree</key>
			<string>&lt;group&gt;</string>
		</dict>
		<key>5B7AF09E1CC9D5920081F82B</key>
		<dict>
			<key>fileEncoding</key>
			<string>4</string>
			<key>isa</key>
			<string>PBXFileReference</string>
			<key>lastKnownFileType</key>
			<string>sourcecode.c.objc</string>
			<key>path</key>
			<string>JYResolutionData.m</string>
			<key>sourceTree</key>
			<string>&lt;group&gt;</string>
		</dict>
		<key>5B7AF09F1CC9D5920081F82B</key>
		<dict>
			<key>fileEncoding</key>
			<string>4</string>
			<key>isa</key>
			<string>PBXFileReference</string>
			<key>lastKnownFileType</key>
			<string>sourcecode.c.h</string>
			<key>path</key>
			<string>JYSaveVideoData.h</string>
			<key>sourceTree</key>
			<string>&lt;group&gt;</string>
		</dict>
		<key>5B7AF0A01CC9D5920081F82B</key>
		<dict>
			<key>fileEncoding</key>
			<string>4</string>
			<key>isa</key>
			<string>PBXFileReference</string>
			<key>lastKnownFileType</key>
			<string>sourcecode.c.objc</string>
			<key>path</key>
			<string>JYSaveVideoData.m</string>
			<key>sourceTree</key>
			<string>&lt;group&gt;</string>
		</dict>
		<key>5B7AF0A11CC9D5920081F82B</key>
		<dict>
			<key>fileRef</key>
			<string>5B7AF09C1CC9D5920081F82B</string>
			<key>isa</key>
			<string>PBXBuildFile</string>
		</dict>
		<key>5B7AF0A21CC9D5920081F82B</key>
		<dict>
			<key>fileRef</key>
			<string>5B7AF09E1CC9D5920081F82B</string>
			<key>isa</key>
			<string>PBXBuildFile</string>
		</dict>
		<key>5B7AF0A31CC9D5920081F82B</key>
		<dict>
			<key>fileRef</key>
			<string>5B7AF0A01CC9D5920081F82B</string>
			<key>isa</key>
			<string>PBXBuildFile</string>
		</dict>
		<key>5B7AF0A41CC9D5F00081F82B</key>
		<dict>
			<key>fileEncoding</key>
			<string>4</string>
			<key>isa</key>
			<string>PBXFileReference</string>
			<key>lastKnownFileType</key>
			<string>sourcecode.c.h</string>
			<key>path</key>
			<string>JYNSString+Extension.h</string>
			<key>sourceTree</key>
			<string>&lt;group&gt;</string>
		</dict>
		<key>5B7AF0A51CC9D5F00081F82B</key>
		<dict>
			<key>fileEncoding</key>
			<string>4</string>
			<key>isa</key>
			<string>PBXFileReference</string>
			<key>lastKnownFileType</key>
			<string>sourcecode.c.objc</string>
			<key>path</key>
			<string>JYNSString+Extension.m</string>
			<key>sourceTree</key>
			<string>&lt;group&gt;</string>
		</dict>
		<key>5B7AF0A81CC9D5F00081F82B</key>
		<dict>
			<key>fileEncoding</key>
			<string>4</string>
			<key>isa</key>
			<string>PBXFileReference</string>
			<key>lastKnownFileType</key>
			<string>sourcecode.c.h</string>
			<key>path</key>
			<string>UIImage+CKExtension.h</string>
			<key>sourceTree</key>
			<string>&lt;group&gt;</string>
		</dict>
		<key>5B7AF0A91CC9D5F00081F82B</key>
		<dict>
			<key>fileEncoding</key>
			<string>4</string>
			<key>isa</key>
			<string>PBXFileReference</string>
			<key>lastKnownFileType</key>
			<string>sourcecode.c.objc</string>
			<key>path</key>
			<string>UIImage+CKExtension.m</string>
			<key>sourceTree</key>
			<string>&lt;group&gt;</string>
		</dict>
		<key>5B7AF0AA1CC9D5F00081F82B</key>
		<dict>
			<key>fileEncoding</key>
			<string>4</string>
			<key>isa</key>
			<string>PBXFileReference</string>
			<key>lastKnownFileType</key>
			<string>sourcecode.c.h</string>
			<key>path</key>
			<string>UIView+Extension.h</string>
			<key>sourceTree</key>
			<string>&lt;group&gt;</string>
		</dict>
		<key>5B7AF0AB1CC9D5F00081F82B</key>
		<dict>
			<key>fileEncoding</key>
			<string>4</string>
			<key>isa</key>
			<string>PBXFileReference</string>
			<key>lastKnownFileType</key>
			<string>sourcecode.c.objc</string>
			<key>path</key>
			<string>UIView+Extension.m</string>
			<key>sourceTree</key>
			<string>&lt;group&gt;</string>
		</dict>
		<key>5B7AF0AC1CC9D5F00081F82B</key>
		<dict>
			<key>fileRef</key>
			<string>5B7AF0A51CC9D5F00081F82B</string>
			<key>isa</key>
			<string>PBXBuildFile</string>
		</dict>
		<key>5B7AF0AE1CC9D5F00081F82B</key>
		<dict>
			<key>fileRef</key>
			<string>5B7AF0A91CC9D5F00081F82B</string>
			<key>isa</key>
			<string>PBXBuildFile</string>
		</dict>
		<key>5B7AF0AF1CC9D5F00081F82B</key>
		<dict>
			<key>fileRef</key>
			<string>5B7AF0AB1CC9D5F00081F82B</string>
			<key>isa</key>
			<string>PBXBuildFile</string>
		</dict>
		<key>6DF71EE4ADD97873002638C3</key>
		<dict>
			<key>buildActionMask</key>
			<string>2147483647</string>
			<key>files</key>
			<array/>
			<key>inputPaths</key>
			<array/>
			<key>isa</key>
			<string>PBXShellScriptBuildPhase</string>
			<key>name</key>
			<string>Copy Pods Resources</string>
			<key>outputPaths</key>
			<array/>
			<key>runOnlyForDeploymentPostprocessing</key>
			<string>0</string>
			<key>shellPath</key>
			<string>/bin/sh</string>
			<key>shellScript</key>
			<string>"${SRCROOT}/Pods/Target Support Files/Pods-ESAYCAM/Pods-ESAYCAM-resources.sh"
</string>
			<key>showEnvVarsInLog</key>
			<string>0</string>
		</dict>
		<key>73CC82AF7BEB308A0F1E1F3D</key>
		<dict>
			<key>includeInIndex</key>
			<string>1</string>
			<key>isa</key>
			<string>PBXFileReference</string>
			<key>lastKnownFileType</key>
			<string>text.xcconfig</string>
			<key>name</key>
			<string>Pods-ESAYCAM.debug.xcconfig</string>
			<key>path</key>
			<string>Pods/Target Support Files/Pods-ESAYCAM/Pods-ESAYCAM.debug.xcconfig</string>
			<key>sourceTree</key>
			<string>&lt;group&gt;</string>
		</dict>
		<key>C9CE75CB855C1E6541B32D5A</key>
		<dict>
			<key>explicitFileType</key>
			<string>archive.ar</string>
			<key>includeInIndex</key>
			<string>0</string>
			<key>isa</key>
			<string>PBXFileReference</string>
			<key>path</key>
			<string>libPods-ESAYCAM.a</string>
			<key>sourceTree</key>
			<string>BUILT_PRODUCTS_DIR</string>
		</dict>
		<key>DA44FDCDE108BA9657BC4548</key>
		<dict>
			<key>buildActionMask</key>
			<string>2147483647</string>
			<key>files</key>
			<array/>
			<key>inputPaths</key>
			<array/>
			<key>isa</key>
			<string>PBXShellScriptBuildPhase</string>
			<key>name</key>
			<string>Embed Pods Frameworks</string>
			<key>outputPaths</key>
			<array/>
			<key>runOnlyForDeploymentPostprocessing</key>
			<string>0</string>
			<key>shellPath</key>
			<string>/bin/sh</string>
			<key>shellScript</key>
			<string>"${SRCROOT}/Pods/Target Support Files/Pods-ESAYCAM/Pods-ESAYCAM-frameworks.sh"
</string>
			<key>showEnvVarsInLog</key>
			<string>0</string>
		</dict>
	</dict>
	<key>rootObject</key>
	<string>5B7AF0101CC9D1330081F82B</string>
</dict>
</plist>
